
Microsoft Visual Studio Solution File, Format Version 12.00
# Visual Studio 14
VisualStudioVersion = 14.0.25420.1
MinimumVisualStudioVersion = 10.0.40219.1
Project("{8BC9CEB8-8B4A-11D0-8D11-00A0C91BC942}") = "Falcor", "..\Framework\Source\Falcor.vcxproj", "{3B602F0E-3834-4F73-B97D-7DFC91597A98}"
EndProject
Project("{2150E333-8FDC-42A3-9474-1A3956D46DE8}") = "Falcor Tests", "Falcor Tests", "{766FFA40-0484-4A58-A07E-1AE7B6070B95}"
EndProject
Project("{8BC9CEB8-8B4A-11D0-8D11-00A0C91BC942}") = "BlendStateTest", "Tests\LowLevelTests\BlendStateTest\BlendStateTest.vcxproj", "{71DE9059-7A0D-4FA2-8C4A-E9D031A4A3CC}"
EndProject
Project("{8BC9CEB8-8B4A-11D0-8D11-00A0C91BC942}") = "DepthStencilStateTest", "Tests\LowLevelTests\DepthStencilStateTest\DepthStencilStateTest.vcxproj", "{96EF73E2-572A-43E4-8A1E-AFDF18673EFF}"
EndProject
Project("{8BC9CEB8-8B4A-11D0-8D11-00A0C91BC942}") = "FboTest", "Tests\LowLevelTests\FboTest\FboTest.vcxproj", "{2769B372-9DB2-4F35-B5D5-2D0B2F3B502E}"
EndProject
Project("{8BC9CEB8-8B4A-11D0-8D11-00A0C91BC942}") = "GraphicsStateObjectTest", "Tests\LowLevelTests\GraphicsStateObjectTest\GraphicsStateObjectTest.vcxproj", "{7955E73E-974C-41F3-B002-96D4B04AD572}"
EndProject
Project("{8BC9CEB8-8B4A-11D0-8D11-00A0C91BC942}") = "RasterizerStateTest", "Tests\LowLevelTests\RasterizerStateTest\RasterizerStateTest.vcxproj", "{9BCB9E3A-6F8D-429D-9F70-445327075490}"
EndProject
Project("{8BC9CEB8-8B4A-11D0-8D11-00A0C91BC942}") = "SamplerTest", "Tests\LowLevelTests\SamplerTest\SamplerTest.vcxproj", "{109952CD-367A-4BD4-AA7D-A290F48FBFFE}"
EndProject
Project("{8BC9CEB8-8B4A-11D0-8D11-00A0C91BC942}") = "FalcorTest", "FalcorTest.vcxproj", "{50BDCD17-C66E-4A3A-AF85-106D4477F571}"
EndProject
Project("{8BC9CEB8-8B4A-11D0-8D11-00A0C91BC942}") = "VaoTest", "Tests\LowLevelTests\VaoTest\VaoTest.vcxproj", "{CE2DADEE-2D7F-4554-B763-A8E7488DB6AF}"
EndProject
Project("{2150E333-8FDC-42A3-9474-1A3956D46DE8}") = "Graphics Tests", "Graphics Tests", "{53FE5999-4015-4398-B6DA-ED08EF5F77BF}"
EndProject
Project("{2150E333-8FDC-42A3-9474-1A3956D46DE8}") = "Compute Tests", "Compute Tests", "{1B451B13-EEAB-4560-BAAF-BDD85DE97CCE}"
EndProject
Project("{8BC9CEB8-8B4A-11D0-8D11-00A0C91BC942}") = "GraphicsStateTest", "Tests\LowLevelTests\GraphicsStateTest\GraphicsStateTest.vcxproj", "{CE2DADEE-2D7F-4554-B763-A8E7488CE2BF}"
EndProject
Project("{2150E333-8FDC-42A3-9474-1A3956D46DE8}") = "Shader Rewriter Tests", "Shader Rewriter Tests", "{A6BDA6E7-51D8-4A88-8945-A8623E78C735}"
EndProject
Project("{8BC9CEB8-8B4A-11D0-8D11-00A0C91BC942}") = "ComputeStateTest", "Tests\LowLevelTests\ComputeStateTest\ComputeStateTest.vcxproj", "{CE2DADEE-2D7F-4554-B763-A8E3211CE2BF}"
EndProject
Project("{8BC9CEB8-8B4A-11D0-8D11-00A0C91BC942}") = "ComputeStateObjectTest", "Tests\LowLevelTests\ComputeStateObjectTest\ComputeStateObjectTest.vcxproj", "{CE2DADEE-2D7F-4554-B763-A8C8222BE2BF}"
EndProject
Project("{2150E333-8FDC-42A3-9474-1A3956D46DE8}") = "Program Tests", "Program Tests", "{06F42AAB-CDF9-45AE-99DB-0ECB5F45A88B}"
EndProject
Project("{8BC9CEB8-8B4A-11D0-8D11-00A0C91BC942}") = "ComputeVarsTest", "Tests\LowLevelTests\ComputeVarsTest\ComputeVarsTest.vcxproj", "{CE2DADEE-2D7F-4554-B763-A8E3211CE1BF}"
EndProject
Project("{8BC9CEB8-8B4A-11D0-8D11-00A0C91BC942}") = "GraphicsVarsTest", "Tests\LowLevelTests\GraphicsVarsTest\GraphicsVarsTest.vcxproj", "{CE2DADEE-2D7F-4554-B763-A5D7423EC2BF}"
EndProject
Project("{8BC9CEB8-8B4A-11D0-8D11-00A0C91BC942}") = "ShaderRewriterTest", "Tests\LowLevelTests\ShaderRewriterTest\ShaderRewriterTest.vcxproj", "{CE2DADEE-2D7F-4554-B763-A2A6253EC1CF}"
EndProject
Project("{8BC9CEB8-8B4A-11D0-8D11-00A0C91BC942}") = "ProgramVersionTest", "Tests\LowLevelTests\ProgramVersionTest\ProgramVersionTest.vcxproj", "{2A058760-D5E1-4366-884C-8C98ACB33174}"
EndProject
Project("{8BC9CEB8-8B4A-11D0-8D11-00A0C91BC942}") = "ProgramReflectionTest", "Tests\LowLevelTests\ProgramReflectionTest\ProgramReflectionTest.vcxproj", "{D94D3318-44AE-489B-8E45-CDFFD5681EC5}"
EndProject
Global
	GlobalSection(SolutionConfigurationPlatforms) = preSolution
		Debug|x64 = Debug|x64
		DebugD3D11|x64 = DebugD3D11|x64
		DebugD3D12|x64 = DebugD3D12|x64
		DebugGL|x64 = DebugGL|x64
		Release|x64 = Release|x64
		ReleaseD3D11|x64 = ReleaseD3D11|x64
		ReleaseD3D12|x64 = ReleaseD3D12|x64
		ReleaseGL|x64 = ReleaseGL|x64
	EndGlobalSection
	GlobalSection(ProjectConfigurationPlatforms) = postSolution
		{3B602F0E-3834-4F73-B97D-7DFC91597A98}.Debug|x64.ActiveCfg = DebugGL|x64
		{3B602F0E-3834-4F73-B97D-7DFC91597A98}.Debug|x64.Build.0 = DebugGL|x64
		{3B602F0E-3834-4F73-B97D-7DFC91597A98}.DebugD3D11|x64.ActiveCfg = DebugD3D11|x64
		{3B602F0E-3834-4F73-B97D-7DFC91597A98}.DebugD3D11|x64.Build.0 = DebugD3D11|x64
		{3B602F0E-3834-4F73-B97D-7DFC91597A98}.DebugD3D12|x64.ActiveCfg = DebugD3D12|x64
		{3B602F0E-3834-4F73-B97D-7DFC91597A98}.DebugD3D12|x64.Build.0 = DebugD3D12|x64
		{3B602F0E-3834-4F73-B97D-7DFC91597A98}.DebugGL|x64.ActiveCfg = DebugGL|x64
		{3B602F0E-3834-4F73-B97D-7DFC91597A98}.DebugGL|x64.Build.0 = DebugGL|x64
		{3B602F0E-3834-4F73-B97D-7DFC91597A98}.Release|x64.ActiveCfg = ReleaseGL|x64
		{3B602F0E-3834-4F73-B97D-7DFC91597A98}.Release|x64.Build.0 = ReleaseGL|x64
		{3B602F0E-3834-4F73-B97D-7DFC91597A98}.ReleaseD3D11|x64.ActiveCfg = ReleaseD3D11|x64
		{3B602F0E-3834-4F73-B97D-7DFC91597A98}.ReleaseD3D11|x64.Build.0 = ReleaseD3D11|x64
		{3B602F0E-3834-4F73-B97D-7DFC91597A98}.ReleaseD3D12|x64.ActiveCfg = ReleaseD3D12|x64
		{3B602F0E-3834-4F73-B97D-7DFC91597A98}.ReleaseD3D12|x64.Build.0 = ReleaseD3D12|x64
		{3B602F0E-3834-4F73-B97D-7DFC91597A98}.ReleaseGL|x64.ActiveCfg = ReleaseGL|x64
		{3B602F0E-3834-4F73-B97D-7DFC91597A98}.ReleaseGL|x64.Build.0 = ReleaseGL|x64
		{71DE9059-7A0D-4FA2-8C4A-E9D031A4A3CC}.Debug|x64.ActiveCfg = Debug|x64
		{71DE9059-7A0D-4FA2-8C4A-E9D031A4A3CC}.Debug|x64.Build.0 = Debug|x64
		{71DE9059-7A0D-4FA2-8C4A-E9D031A4A3CC}.DebugD3D11|x64.ActiveCfg = Debug|x64
		{71DE9059-7A0D-4FA2-8C4A-E9D031A4A3CC}.DebugD3D11|x64.Build.0 = Debug|x64
		{71DE9059-7A0D-4FA2-8C4A-E9D031A4A3CC}.DebugD3D12|x64.ActiveCfg = Debug|x64
		{71DE9059-7A0D-4FA2-8C4A-E9D031A4A3CC}.DebugD3D12|x64.Build.0 = Debug|x64
		{71DE9059-7A0D-4FA2-8C4A-E9D031A4A3CC}.DebugGL|x64.ActiveCfg = Debug|x64
		{71DE9059-7A0D-4FA2-8C4A-E9D031A4A3CC}.DebugGL|x64.Build.0 = Debug|x64
		{71DE9059-7A0D-4FA2-8C4A-E9D031A4A3CC}.Release|x64.ActiveCfg = Release|x64
		{71DE9059-7A0D-4FA2-8C4A-E9D031A4A3CC}.Release|x64.Build.0 = Release|x64
		{71DE9059-7A0D-4FA2-8C4A-E9D031A4A3CC}.ReleaseD3D11|x64.ActiveCfg = Release|x64
		{71DE9059-7A0D-4FA2-8C4A-E9D031A4A3CC}.ReleaseD3D11|x64.Build.0 = Release|x64
		{71DE9059-7A0D-4FA2-8C4A-E9D031A4A3CC}.ReleaseD3D12|x64.ActiveCfg = Release|x64
		{71DE9059-7A0D-4FA2-8C4A-E9D031A4A3CC}.ReleaseD3D12|x64.Build.0 = Release|x64
		{71DE9059-7A0D-4FA2-8C4A-E9D031A4A3CC}.ReleaseGL|x64.ActiveCfg = Release|x64
		{71DE9059-7A0D-4FA2-8C4A-E9D031A4A3CC}.ReleaseGL|x64.Build.0 = Release|x64
		{96EF73E2-572A-43E4-8A1E-AFDF18673EFF}.Debug|x64.ActiveCfg = Debug|x64
		{96EF73E2-572A-43E4-8A1E-AFDF18673EFF}.Debug|x64.Build.0 = Debug|x64
		{96EF73E2-572A-43E4-8A1E-AFDF18673EFF}.DebugD3D11|x64.ActiveCfg = Debug|x64
		{96EF73E2-572A-43E4-8A1E-AFDF18673EFF}.DebugD3D11|x64.Build.0 = Debug|x64
		{96EF73E2-572A-43E4-8A1E-AFDF18673EFF}.DebugD3D12|x64.ActiveCfg = Debug|x64
		{96EF73E2-572A-43E4-8A1E-AFDF18673EFF}.DebugD3D12|x64.Build.0 = Debug|x64
		{96EF73E2-572A-43E4-8A1E-AFDF18673EFF}.DebugGL|x64.ActiveCfg = Debug|x64
		{96EF73E2-572A-43E4-8A1E-AFDF18673EFF}.DebugGL|x64.Build.0 = Debug|x64
		{96EF73E2-572A-43E4-8A1E-AFDF18673EFF}.Release|x64.ActiveCfg = Release|x64
		{96EF73E2-572A-43E4-8A1E-AFDF18673EFF}.Release|x64.Build.0 = Release|x64
		{96EF73E2-572A-43E4-8A1E-AFDF18673EFF}.ReleaseD3D11|x64.ActiveCfg = Release|x64
		{96EF73E2-572A-43E4-8A1E-AFDF18673EFF}.ReleaseD3D11|x64.Build.0 = Release|x64
		{96EF73E2-572A-43E4-8A1E-AFDF18673EFF}.ReleaseD3D12|x64.ActiveCfg = Release|x64
		{96EF73E2-572A-43E4-8A1E-AFDF18673EFF}.ReleaseD3D12|x64.Build.0 = Release|x64
		{96EF73E2-572A-43E4-8A1E-AFDF18673EFF}.ReleaseGL|x64.ActiveCfg = Release|x64
		{96EF73E2-572A-43E4-8A1E-AFDF18673EFF}.ReleaseGL|x64.Build.0 = Release|x64
		{2769B372-9DB2-4F35-B5D5-2D0B2F3B502E}.Debug|x64.ActiveCfg = Debug|x64
		{2769B372-9DB2-4F35-B5D5-2D0B2F3B502E}.Debug|x64.Build.0 = Debug|x64
		{2769B372-9DB2-4F35-B5D5-2D0B2F3B502E}.DebugD3D11|x64.ActiveCfg = Debug|x64
		{2769B372-9DB2-4F35-B5D5-2D0B2F3B502E}.DebugD3D11|x64.Build.0 = Debug|x64
		{2769B372-9DB2-4F35-B5D5-2D0B2F3B502E}.DebugD3D12|x64.ActiveCfg = Debug|x64
		{2769B372-9DB2-4F35-B5D5-2D0B2F3B502E}.DebugD3D12|x64.Build.0 = Debug|x64
		{2769B372-9DB2-4F35-B5D5-2D0B2F3B502E}.DebugGL|x64.ActiveCfg = Debug|x64
		{2769B372-9DB2-4F35-B5D5-2D0B2F3B502E}.DebugGL|x64.Build.0 = Debug|x64
		{2769B372-9DB2-4F35-B5D5-2D0B2F3B502E}.Release|x64.ActiveCfg = Release|x64
		{2769B372-9DB2-4F35-B5D5-2D0B2F3B502E}.Release|x64.Build.0 = Release|x64
		{2769B372-9DB2-4F35-B5D5-2D0B2F3B502E}.ReleaseD3D11|x64.ActiveCfg = Release|x64
		{2769B372-9DB2-4F35-B5D5-2D0B2F3B502E}.ReleaseD3D11|x64.Build.0 = Release|x64
		{2769B372-9DB2-4F35-B5D5-2D0B2F3B502E}.ReleaseD3D12|x64.ActiveCfg = Release|x64
		{2769B372-9DB2-4F35-B5D5-2D0B2F3B502E}.ReleaseD3D12|x64.Build.0 = Release|x64
		{2769B372-9DB2-4F35-B5D5-2D0B2F3B502E}.ReleaseGL|x64.ActiveCfg = Release|x64
		{2769B372-9DB2-4F35-B5D5-2D0B2F3B502E}.ReleaseGL|x64.Build.0 = Release|x64
		{7955E73E-974C-41F3-B002-96D4B04AD572}.Debug|x64.ActiveCfg = Debug|x64
		{7955E73E-974C-41F3-B002-96D4B04AD572}.Debug|x64.Build.0 = Debug|x64
		{7955E73E-974C-41F3-B002-96D4B04AD572}.DebugD3D11|x64.ActiveCfg = Debug|x64
		{7955E73E-974C-41F3-B002-96D4B04AD572}.DebugD3D11|x64.Build.0 = Debug|x64
		{7955E73E-974C-41F3-B002-96D4B04AD572}.DebugD3D12|x64.ActiveCfg = Debug|x64
		{7955E73E-974C-41F3-B002-96D4B04AD572}.DebugD3D12|x64.Build.0 = Debug|x64
		{7955E73E-974C-41F3-B002-96D4B04AD572}.DebugGL|x64.ActiveCfg = Debug|x64
		{7955E73E-974C-41F3-B002-96D4B04AD572}.DebugGL|x64.Build.0 = Debug|x64
		{7955E73E-974C-41F3-B002-96D4B04AD572}.Release|x64.ActiveCfg = Release|x64
		{7955E73E-974C-41F3-B002-96D4B04AD572}.Release|x64.Build.0 = Release|x64
		{7955E73E-974C-41F3-B002-96D4B04AD572}.ReleaseD3D11|x64.ActiveCfg = Release|x64
		{7955E73E-974C-41F3-B002-96D4B04AD572}.ReleaseD3D11|x64.Build.0 = Release|x64
		{7955E73E-974C-41F3-B002-96D4B04AD572}.ReleaseD3D12|x64.ActiveCfg = Release|x64
		{7955E73E-974C-41F3-B002-96D4B04AD572}.ReleaseD3D12|x64.Build.0 = Release|x64
		{7955E73E-974C-41F3-B002-96D4B04AD572}.ReleaseGL|x64.ActiveCfg = Release|x64
		{7955E73E-974C-41F3-B002-96D4B04AD572}.ReleaseGL|x64.Build.0 = Release|x64
		{9BCB9E3A-6F8D-429D-9F70-445327075490}.Debug|x64.ActiveCfg = Debug|x64
		{9BCB9E3A-6F8D-429D-9F70-445327075490}.Debug|x64.Build.0 = Debug|x64
		{9BCB9E3A-6F8D-429D-9F70-445327075490}.DebugD3D11|x64.ActiveCfg = Debug|x64
		{9BCB9E3A-6F8D-429D-9F70-445327075490}.DebugD3D11|x64.Build.0 = Debug|x64
		{9BCB9E3A-6F8D-429D-9F70-445327075490}.DebugD3D12|x64.ActiveCfg = Debug|x64
		{9BCB9E3A-6F8D-429D-9F70-445327075490}.DebugD3D12|x64.Build.0 = Debug|x64
		{9BCB9E3A-6F8D-429D-9F70-445327075490}.DebugGL|x64.ActiveCfg = Debug|x64
		{9BCB9E3A-6F8D-429D-9F70-445327075490}.DebugGL|x64.Build.0 = Debug|x64
		{9BCB9E3A-6F8D-429D-9F70-445327075490}.Release|x64.ActiveCfg = Release|x64
		{9BCB9E3A-6F8D-429D-9F70-445327075490}.Release|x64.Build.0 = Release|x64
		{9BCB9E3A-6F8D-429D-9F70-445327075490}.ReleaseD3D11|x64.ActiveCfg = Release|x64
		{9BCB9E3A-6F8D-429D-9F70-445327075490}.ReleaseD3D11|x64.Build.0 = Release|x64
		{9BCB9E3A-6F8D-429D-9F70-445327075490}.ReleaseD3D12|x64.ActiveCfg = Release|x64
		{9BCB9E3A-6F8D-429D-9F70-445327075490}.ReleaseD3D12|x64.Build.0 = Release|x64
		{9BCB9E3A-6F8D-429D-9F70-445327075490}.ReleaseGL|x64.ActiveCfg = Release|x64
		{9BCB9E3A-6F8D-429D-9F70-445327075490}.ReleaseGL|x64.Build.0 = Release|x64
		{109952CD-367A-4BD4-AA7D-A290F48FBFFE}.Debug|x64.ActiveCfg = Debug|x64
		{109952CD-367A-4BD4-AA7D-A290F48FBFFE}.Debug|x64.Build.0 = Debug|x64
		{109952CD-367A-4BD4-AA7D-A290F48FBFFE}.DebugD3D11|x64.ActiveCfg = Debug|x64
		{109952CD-367A-4BD4-AA7D-A290F48FBFFE}.DebugD3D11|x64.Build.0 = Debug|x64
		{109952CD-367A-4BD4-AA7D-A290F48FBFFE}.DebugD3D12|x64.ActiveCfg = Debug|x64
		{109952CD-367A-4BD4-AA7D-A290F48FBFFE}.DebugD3D12|x64.Build.0 = Debug|x64
		{109952CD-367A-4BD4-AA7D-A290F48FBFFE}.DebugGL|x64.ActiveCfg = Debug|x64
		{109952CD-367A-4BD4-AA7D-A290F48FBFFE}.DebugGL|x64.Build.0 = Debug|x64
		{109952CD-367A-4BD4-AA7D-A290F48FBFFE}.Release|x64.ActiveCfg = Release|x64
		{109952CD-367A-4BD4-AA7D-A290F48FBFFE}.Release|x64.Build.0 = Release|x64
		{109952CD-367A-4BD4-AA7D-A290F48FBFFE}.ReleaseD3D11|x64.ActiveCfg = Release|x64
		{109952CD-367A-4BD4-AA7D-A290F48FBFFE}.ReleaseD3D11|x64.Build.0 = Release|x64
		{109952CD-367A-4BD4-AA7D-A290F48FBFFE}.ReleaseD3D12|x64.ActiveCfg = Release|x64
		{109952CD-367A-4BD4-AA7D-A290F48FBFFE}.ReleaseD3D12|x64.Build.0 = Release|x64
		{109952CD-367A-4BD4-AA7D-A290F48FBFFE}.ReleaseGL|x64.ActiveCfg = Release|x64
		{109952CD-367A-4BD4-AA7D-A290F48FBFFE}.ReleaseGL|x64.Build.0 = Release|x64
		{50BDCD17-C66E-4A3A-AF85-106D4477F571}.Debug|x64.ActiveCfg = Debug|x64
		{50BDCD17-C66E-4A3A-AF85-106D4477F571}.Debug|x64.Build.0 = Debug|x64
		{50BDCD17-C66E-4A3A-AF85-106D4477F571}.DebugD3D11|x64.ActiveCfg = Debug|x64
		{50BDCD17-C66E-4A3A-AF85-106D4477F571}.DebugD3D11|x64.Build.0 = Debug|x64
		{50BDCD17-C66E-4A3A-AF85-106D4477F571}.DebugD3D12|x64.ActiveCfg = Debug|x64
		{50BDCD17-C66E-4A3A-AF85-106D4477F571}.DebugD3D12|x64.Build.0 = Debug|x64
		{50BDCD17-C66E-4A3A-AF85-106D4477F571}.DebugGL|x64.ActiveCfg = Debug|x64
		{50BDCD17-C66E-4A3A-AF85-106D4477F571}.DebugGL|x64.Build.0 = Debug|x64
		{50BDCD17-C66E-4A3A-AF85-106D4477F571}.Release|x64.ActiveCfg = Release|x64
		{50BDCD17-C66E-4A3A-AF85-106D4477F571}.Release|x64.Build.0 = Release|x64
		{50BDCD17-C66E-4A3A-AF85-106D4477F571}.ReleaseD3D11|x64.ActiveCfg = Release|x64
		{50BDCD17-C66E-4A3A-AF85-106D4477F571}.ReleaseD3D11|x64.Build.0 = Release|x64
		{50BDCD17-C66E-4A3A-AF85-106D4477F571}.ReleaseD3D12|x64.ActiveCfg = Release|x64
		{50BDCD17-C66E-4A3A-AF85-106D4477F571}.ReleaseD3D12|x64.Build.0 = Release|x64
		{50BDCD17-C66E-4A3A-AF85-106D4477F571}.ReleaseGL|x64.ActiveCfg = Release|x64
		{50BDCD17-C66E-4A3A-AF85-106D4477F571}.ReleaseGL|x64.Build.0 = Release|x64
		{CE2DADEE-2D7F-4554-B763-A8E7488DB6AF}.Debug|x64.ActiveCfg = Debug|x64
		{CE2DADEE-2D7F-4554-B763-A8E7488DB6AF}.Debug|x64.Build.0 = Debug|x64
		{CE2DADEE-2D7F-4554-B763-A8E7488DB6AF}.DebugD3D11|x64.ActiveCfg = Debug|x64
		{CE2DADEE-2D7F-4554-B763-A8E7488DB6AF}.DebugD3D11|x64.Build.0 = Debug|x64
		{CE2DADEE-2D7F-4554-B763-A8E7488DB6AF}.DebugD3D12|x64.ActiveCfg = Debug|x64
		{CE2DADEE-2D7F-4554-B763-A8E7488DB6AF}.DebugD3D12|x64.Build.0 = Debug|x64
		{CE2DADEE-2D7F-4554-B763-A8E7488DB6AF}.DebugGL|x64.ActiveCfg = Debug|x64
		{CE2DADEE-2D7F-4554-B763-A8E7488DB6AF}.DebugGL|x64.Build.0 = Debug|x64
		{CE2DADEE-2D7F-4554-B763-A8E7488DB6AF}.Release|x64.ActiveCfg = Release|x64
		{CE2DADEE-2D7F-4554-B763-A8E7488DB6AF}.Release|x64.Build.0 = Release|x64
		{CE2DADEE-2D7F-4554-B763-A8E7488DB6AF}.ReleaseD3D11|x64.ActiveCfg = Release|x64
		{CE2DADEE-2D7F-4554-B763-A8E7488DB6AF}.ReleaseD3D11|x64.Build.0 = Release|x64
		{CE2DADEE-2D7F-4554-B763-A8E7488DB6AF}.ReleaseD3D12|x64.ActiveCfg = Release|x64
		{CE2DADEE-2D7F-4554-B763-A8E7488DB6AF}.ReleaseD3D12|x64.Build.0 = Release|x64
		{CE2DADEE-2D7F-4554-B763-A8E7488DB6AF}.ReleaseGL|x64.ActiveCfg = Release|x64
		{CE2DADEE-2D7F-4554-B763-A8E7488DB6AF}.ReleaseGL|x64.Build.0 = Release|x64
		{CE2DADEE-2D7F-4554-B763-A8E7488CE2BF}.Debug|x64.ActiveCfg = Debug|x64
		{CE2DADEE-2D7F-4554-B763-A8E7488CE2BF}.Debug|x64.Build.0 = Debug|x64
		{CE2DADEE-2D7F-4554-B763-A8E7488CE2BF}.DebugD3D11|x64.ActiveCfg = Debug|x64
		{CE2DADEE-2D7F-4554-B763-A8E7488CE2BF}.DebugD3D11|x64.Build.0 = Debug|x64
		{CE2DADEE-2D7F-4554-B763-A8E7488CE2BF}.DebugD3D12|x64.ActiveCfg = Debug|x64
		{CE2DADEE-2D7F-4554-B763-A8E7488CE2BF}.DebugD3D12|x64.Build.0 = Debug|x64
		{CE2DADEE-2D7F-4554-B763-A8E7488CE2BF}.DebugGL|x64.ActiveCfg = Debug|x64
		{CE2DADEE-2D7F-4554-B763-A8E7488CE2BF}.DebugGL|x64.Build.0 = Debug|x64
		{CE2DADEE-2D7F-4554-B763-A8E7488CE2BF}.Release|x64.ActiveCfg = Release|x64
		{CE2DADEE-2D7F-4554-B763-A8E7488CE2BF}.Release|x64.Build.0 = Release|x64
		{CE2DADEE-2D7F-4554-B763-A8E7488CE2BF}.ReleaseD3D11|x64.ActiveCfg = Release|x64
		{CE2DADEE-2D7F-4554-B763-A8E7488CE2BF}.ReleaseD3D11|x64.Build.0 = Release|x64
		{CE2DADEE-2D7F-4554-B763-A8E7488CE2BF}.ReleaseD3D12|x64.ActiveCfg = Release|x64
		{CE2DADEE-2D7F-4554-B763-A8E7488CE2BF}.ReleaseD3D12|x64.Build.0 = Release|x64
		{CE2DADEE-2D7F-4554-B763-A8E7488CE2BF}.ReleaseGL|x64.ActiveCfg = Release|x64
		{CE2DADEE-2D7F-4554-B763-A8E7488CE2BF}.ReleaseGL|x64.Build.0 = Release|x64
		{CE2DADEE-2D7F-4554-B763-A8E3211CE2BF}.Debug|x64.ActiveCfg = Debug|x64
		{CE2DADEE-2D7F-4554-B763-A8E3211CE2BF}.Debug|x64.Build.0 = Debug|x64
		{CE2DADEE-2D7F-4554-B763-A8E3211CE2BF}.DebugD3D11|x64.ActiveCfg = Debug|x64
		{CE2DADEE-2D7F-4554-B763-A8E3211CE2BF}.DebugD3D11|x64.Build.0 = Debug|x64
		{CE2DADEE-2D7F-4554-B763-A8E3211CE2BF}.DebugD3D12|x64.ActiveCfg = Debug|x64
		{CE2DADEE-2D7F-4554-B763-A8E3211CE2BF}.DebugD3D12|x64.Build.0 = Debug|x64
		{CE2DADEE-2D7F-4554-B763-A8E3211CE2BF}.DebugGL|x64.ActiveCfg = Debug|x64
		{CE2DADEE-2D7F-4554-B763-A8E3211CE2BF}.DebugGL|x64.Build.0 = Debug|x64
		{CE2DADEE-2D7F-4554-B763-A8E3211CE2BF}.Release|x64.ActiveCfg = Release|x64
		{CE2DADEE-2D7F-4554-B763-A8E3211CE2BF}.Release|x64.Build.0 = Release|x64
		{CE2DADEE-2D7F-4554-B763-A8E3211CE2BF}.ReleaseD3D11|x64.ActiveCfg = Release|x64
		{CE2DADEE-2D7F-4554-B763-A8E3211CE2BF}.ReleaseD3D11|x64.Build.0 = Release|x64
		{CE2DADEE-2D7F-4554-B763-A8E3211CE2BF}.ReleaseD3D12|x64.ActiveCfg = Release|x64
		{CE2DADEE-2D7F-4554-B763-A8E3211CE2BF}.ReleaseD3D12|x64.Build.0 = Release|x64
		{CE2DADEE-2D7F-4554-B763-A8E3211CE2BF}.ReleaseGL|x64.ActiveCfg = Release|x64
		{CE2DADEE-2D7F-4554-B763-A8E3211CE2BF}.ReleaseGL|x64.Build.0 = Release|x64
		{CE2DADEE-2D7F-4554-B763-A8C8222BE2BF}.Debug|x64.ActiveCfg = Debug|x64
		{CE2DADEE-2D7F-4554-B763-A8C8222BE2BF}.Debug|x64.Build.0 = Debug|x64
		{CE2DADEE-2D7F-4554-B763-A8C8222BE2BF}.DebugD3D11|x64.ActiveCfg = Debug|x64
		{CE2DADEE-2D7F-4554-B763-A8C8222BE2BF}.DebugD3D11|x64.Build.0 = Debug|x64
		{CE2DADEE-2D7F-4554-B763-A8C8222BE2BF}.DebugD3D12|x64.ActiveCfg = Debug|x64
		{CE2DADEE-2D7F-4554-B763-A8C8222BE2BF}.DebugD3D12|x64.Build.0 = Debug|x64
		{CE2DADEE-2D7F-4554-B763-A8C8222BE2BF}.DebugGL|x64.ActiveCfg = Debug|x64
		{CE2DADEE-2D7F-4554-B763-A8C8222BE2BF}.DebugGL|x64.Build.0 = Debug|x64
		{CE2DADEE-2D7F-4554-B763-A8C8222BE2BF}.Release|x64.ActiveCfg = Release|x64
		{CE2DADEE-2D7F-4554-B763-A8C8222BE2BF}.Release|x64.Build.0 = Release|x64
		{CE2DADEE-2D7F-4554-B763-A8C8222BE2BF}.ReleaseD3D11|x64.ActiveCfg = Release|x64
		{CE2DADEE-2D7F-4554-B763-A8C8222BE2BF}.ReleaseD3D11|x64.Build.0 = Release|x64
		{CE2DADEE-2D7F-4554-B763-A8C8222BE2BF}.ReleaseD3D12|x64.ActiveCfg = Release|x64
		{CE2DADEE-2D7F-4554-B763-A8C8222BE2BF}.ReleaseD3D12|x64.Build.0 = Release|x64
		{CE2DADEE-2D7F-4554-B763-A8C8222BE2BF}.ReleaseGL|x64.ActiveCfg = Release|x64
		{CE2DADEE-2D7F-4554-B763-A8C8222BE2BF}.ReleaseGL|x64.Build.0 = Release|x64
		{CE2DADEE-2D7F-4554-B763-A8E3211CE1BF}.Debug|x64.ActiveCfg = Debug|x64
		{CE2DADEE-2D7F-4554-B763-A8E3211CE1BF}.Debug|x64.Build.0 = Debug|x64
		{CE2DADEE-2D7F-4554-B763-A8E3211CE1BF}.DebugD3D11|x64.ActiveCfg = Debug|x64
		{CE2DADEE-2D7F-4554-B763-A8E3211CE1BF}.DebugD3D11|x64.Build.0 = Debug|x64
		{CE2DADEE-2D7F-4554-B763-A8E3211CE1BF}.DebugD3D12|x64.ActiveCfg = Debug|x64
		{CE2DADEE-2D7F-4554-B763-A8E3211CE1BF}.DebugD3D12|x64.Build.0 = Debug|x64
		{CE2DADEE-2D7F-4554-B763-A8E3211CE1BF}.DebugGL|x64.ActiveCfg = Debug|x64
		{CE2DADEE-2D7F-4554-B763-A8E3211CE1BF}.DebugGL|x64.Build.0 = Debug|x64
		{CE2DADEE-2D7F-4554-B763-A8E3211CE1BF}.Release|x64.ActiveCfg = Release|x64
		{CE2DADEE-2D7F-4554-B763-A8E3211CE1BF}.Release|x64.Build.0 = Release|x64
		{CE2DADEE-2D7F-4554-B763-A8E3211CE1BF}.ReleaseD3D11|x64.ActiveCfg = Release|x64
		{CE2DADEE-2D7F-4554-B763-A8E3211CE1BF}.ReleaseD3D11|x64.Build.0 = Release|x64
		{CE2DADEE-2D7F-4554-B763-A8E3211CE1BF}.ReleaseD3D12|x64.ActiveCfg = Release|x64
		{CE2DADEE-2D7F-4554-B763-A8E3211CE1BF}.ReleaseD3D12|x64.Build.0 = Release|x64
		{CE2DADEE-2D7F-4554-B763-A8E3211CE1BF}.ReleaseGL|x64.ActiveCfg = Release|x64
		{CE2DADEE-2D7F-4554-B763-A8E3211CE1BF}.ReleaseGL|x64.Build.0 = Release|x64
		{CE2DADEE-2D7F-4554-B763-A5D7423EC2BF}.Debug|x64.ActiveCfg = Debug|x64
		{CE2DADEE-2D7F-4554-B763-A5D7423EC2BF}.Debug|x64.Build.0 = Debug|x64
		{CE2DADEE-2D7F-4554-B763-A5D7423EC2BF}.DebugD3D11|x64.ActiveCfg = Debug|x64
		{CE2DADEE-2D7F-4554-B763-A5D7423EC2BF}.DebugD3D11|x64.Build.0 = Debug|x64
		{CE2DADEE-2D7F-4554-B763-A5D7423EC2BF}.DebugD3D12|x64.ActiveCfg = Debug|x64
		{CE2DADEE-2D7F-4554-B763-A5D7423EC2BF}.DebugD3D12|x64.Build.0 = Debug|x64
		{CE2DADEE-2D7F-4554-B763-A5D7423EC2BF}.DebugGL|x64.ActiveCfg = Debug|x64
		{CE2DADEE-2D7F-4554-B763-A5D7423EC2BF}.DebugGL|x64.Build.0 = Debug|x64
		{CE2DADEE-2D7F-4554-B763-A5D7423EC2BF}.Release|x64.ActiveCfg = Release|x64
		{CE2DADEE-2D7F-4554-B763-A5D7423EC2BF}.Release|x64.Build.0 = Release|x64
		{CE2DADEE-2D7F-4554-B763-A5D7423EC2BF}.ReleaseD3D11|x64.ActiveCfg = Release|x64
		{CE2DADEE-2D7F-4554-B763-A5D7423EC2BF}.ReleaseD3D11|x64.Build.0 = Release|x64
		{CE2DADEE-2D7F-4554-B763-A5D7423EC2BF}.ReleaseD3D12|x64.ActiveCfg = Release|x64
		{CE2DADEE-2D7F-4554-B763-A5D7423EC2BF}.ReleaseD3D12|x64.Build.0 = Release|x64
		{CE2DADEE-2D7F-4554-B763-A5D7423EC2BF}.ReleaseGL|x64.ActiveCfg = Release|x64
		{CE2DADEE-2D7F-4554-B763-A5D7423EC2BF}.ReleaseGL|x64.Build.0 = Release|x64
		{CE2DADEE-2D7F-4554-B763-A2A6253EC1CF}.Debug|x64.ActiveCfg = Debug|x64
		{CE2DADEE-2D7F-4554-B763-A2A6253EC1CF}.Debug|x64.Build.0 = Debug|x64
		{CE2DADEE-2D7F-4554-B763-A2A6253EC1CF}.DebugD3D11|x64.ActiveCfg = Debug|x64
		{CE2DADEE-2D7F-4554-B763-A2A6253EC1CF}.DebugD3D11|x64.Build.0 = Debug|x64
		{CE2DADEE-2D7F-4554-B763-A2A6253EC1CF}.DebugD3D12|x64.ActiveCfg = Debug|x64
		{CE2DADEE-2D7F-4554-B763-A2A6253EC1CF}.DebugD3D12|x64.Build.0 = Debug|x64
		{CE2DADEE-2D7F-4554-B763-A2A6253EC1CF}.DebugGL|x64.ActiveCfg = Debug|x64
		{CE2DADEE-2D7F-4554-B763-A2A6253EC1CF}.DebugGL|x64.Build.0 = Debug|x64
		{CE2DADEE-2D7F-4554-B763-A2A6253EC1CF}.Release|x64.ActiveCfg = Release|x64
		{CE2DADEE-2D7F-4554-B763-A2A6253EC1CF}.Release|x64.Build.0 = Release|x64
		{CE2DADEE-2D7F-4554-B763-A2A6253EC1CF}.ReleaseD3D11|x64.ActiveCfg = Release|x64
		{CE2DADEE-2D7F-4554-B763-A2A6253EC1CF}.ReleaseD3D11|x64.Build.0 = Release|x64
		{CE2DADEE-2D7F-4554-B763-A2A6253EC1CF}.ReleaseD3D12|x64.ActiveCfg = Release|x64
		{CE2DADEE-2D7F-4554-B763-A2A6253EC1CF}.ReleaseD3D12|x64.Build.0 = Release|x64
		{CE2DADEE-2D7F-4554-B763-A2A6253EC1CF}.ReleaseGL|x64.ActiveCfg = Release|x64
		{CE2DADEE-2D7F-4554-B763-A2A6253EC1CF}.ReleaseGL|x64.Build.0 = Release|x64
		{2A058760-D5E1-4366-884C-8C98ACB33174}.Debug|x64.ActiveCfg = Debug|x64
		{2A058760-D5E1-4366-884C-8C98ACB33174}.Debug|x64.Build.0 = Debug|x64
		{2A058760-D5E1-4366-884C-8C98ACB33174}.DebugD3D11|x64.ActiveCfg = Debug|x64
		{2A058760-D5E1-4366-884C-8C98ACB33174}.DebugD3D11|x64.Build.0 = Debug|x64
		{2A058760-D5E1-4366-884C-8C98ACB33174}.DebugD3D12|x64.ActiveCfg = Debug|x64
		{2A058760-D5E1-4366-884C-8C98ACB33174}.DebugD3D12|x64.Build.0 = Debug|x64
		{2A058760-D5E1-4366-884C-8C98ACB33174}.DebugGL|x64.ActiveCfg = Debug|x64
		{2A058760-D5E1-4366-884C-8C98ACB33174}.DebugGL|x64.Build.0 = Debug|x64
		{2A058760-D5E1-4366-884C-8C98ACB33174}.Release|x64.ActiveCfg = Release|x64
		{2A058760-D5E1-4366-884C-8C98ACB33174}.Release|x64.Build.0 = Release|x64
		{2A058760-D5E1-4366-884C-8C98ACB33174}.ReleaseD3D11|x64.ActiveCfg = Release|x64
		{2A058760-D5E1-4366-884C-8C98ACB33174}.ReleaseD3D11|x64.Build.0 = Release|x64
		{2A058760-D5E1-4366-884C-8C98ACB33174}.ReleaseD3D12|x64.ActiveCfg = Release|x64
		{2A058760-D5E1-4366-884C-8C98ACB33174}.ReleaseD3D12|x64.Build.0 = Release|x64
		{2A058760-D5E1-4366-884C-8C98ACB33174}.ReleaseGL|x64.ActiveCfg = Release|x64
		{2A058760-D5E1-4366-884C-8C98ACB33174}.ReleaseGL|x64.Build.0 = Release|x64
		{D94D3318-44AE-489B-8E45-CDFFD5681EC5}.Debug|x64.ActiveCfg = Debug|x64
		{D94D3318-44AE-489B-8E45-CDFFD5681EC5}.Debug|x64.Build.0 = Debug|x64
		{D94D3318-44AE-489B-8E45-CDFFD5681EC5}.DebugD3D11|x64.ActiveCfg = Debug|x64
		{D94D3318-44AE-489B-8E45-CDFFD5681EC5}.DebugD3D11|x64.Build.0 = Debug|x64
		{D94D3318-44AE-489B-8E45-CDFFD5681EC5}.DebugD3D12|x64.ActiveCfg = Debug|x64
		{D94D3318-44AE-489B-8E45-CDFFD5681EC5}.DebugD3D12|x64.Build.0 = Debug|x64
		{D94D3318-44AE-489B-8E45-CDFFD5681EC5}.DebugGL|x64.ActiveCfg = Debug|x64
		{D94D3318-44AE-489B-8E45-CDFFD5681EC5}.DebugGL|x64.Build.0 = Debug|x64
		{D94D3318-44AE-489B-8E45-CDFFD5681EC5}.Release|x64.ActiveCfg = Release|x64
		{D94D3318-44AE-489B-8E45-CDFFD5681EC5}.Release|x64.Build.0 = Release|x64
		{D94D3318-44AE-489B-8E45-CDFFD5681EC5}.ReleaseD3D11|x64.ActiveCfg = Release|x64
		{D94D3318-44AE-489B-8E45-CDFFD5681EC5}.ReleaseD3D11|x64.Build.0 = Release|x64
		{D94D3318-44AE-489B-8E45-CDFFD5681EC5}.ReleaseD3D12|x64.ActiveCfg = Release|x64
		{D94D3318-44AE-489B-8E45-CDFFD5681EC5}.ReleaseD3D12|x64.Build.0 = Release|x64
		{D94D3318-44AE-489B-8E45-CDFFD5681EC5}.ReleaseGL|x64.ActiveCfg = Release|x64
		{D94D3318-44AE-489B-8E45-CDFFD5681EC5}.ReleaseGL|x64.Build.0 = Release|x64
	EndGlobalSection
	GlobalSection(SolutionProperties) = preSolution
		HideSolutionNode = FALSE
	EndGlobalSection
	GlobalSection(NestedProjects) = preSolution
		{71DE9059-7A0D-4FA2-8C4A-E9D031A4A3CC} = {766FFA40-0484-4A58-A07E-1AE7B6070B95}
		{96EF73E2-572A-43E4-8A1E-AFDF18673EFF} = {766FFA40-0484-4A58-A07E-1AE7B6070B95}
		{2769B372-9DB2-4F35-B5D5-2D0B2F3B502E} = {766FFA40-0484-4A58-A07E-1AE7B6070B95}
		{7955E73E-974C-41F3-B002-96D4B04AD572} = {53FE5999-4015-4398-B6DA-ED08EF5F77BF}
		{9BCB9E3A-6F8D-429D-9F70-445327075490} = {766FFA40-0484-4A58-A07E-1AE7B6070B95}
		{109952CD-367A-4BD4-AA7D-A290F48FBFFE} = {766FFA40-0484-4A58-A07E-1AE7B6070B95}
		{CE2DADEE-2D7F-4554-B763-A8E7488DB6AF} = {766FFA40-0484-4A58-A07E-1AE7B6070B95}
		{53FE5999-4015-4398-B6DA-ED08EF5F77BF} = {766FFA40-0484-4A58-A07E-1AE7B6070B95}
		{1B451B13-EEAB-4560-BAAF-BDD85DE97CCE} = {766FFA40-0484-4A58-A07E-1AE7B6070B95}
		{CE2DADEE-2D7F-4554-B763-A8E7488CE2BF} = {53FE5999-4015-4398-B6DA-ED08EF5F77BF}
		{A6BDA6E7-51D8-4A88-8945-A8623E78C735} = {766FFA40-0484-4A58-A07E-1AE7B6070B95}
		{CE2DADEE-2D7F-4554-B763-A8E3211CE2BF} = {1B451B13-EEAB-4560-BAAF-BDD85DE97CCE}
		{CE2DADEE-2D7F-4554-B763-A8C8222BE2BF} = {1B451B13-EEAB-4560-BAAF-BDD85DE97CCE}
		{06F42AAB-CDF9-45AE-99DB-0ECB5F45A88B} = {766FFA40-0484-4A58-A07E-1AE7B6070B95}
		{CE2DADEE-2D7F-4554-B763-A8E3211CE1BF} = {1B451B13-EEAB-4560-BAAF-BDD85DE97CCE}
		{CE2DADEE-2D7F-4554-B763-A5D7423EC2BF} = {53FE5999-4015-4398-B6DA-ED08EF5F77BF}
		{CE2DADEE-2D7F-4554-B763-A2A6253EC1CF} = {A6BDA6E7-51D8-4A88-8945-A8623E78C735}
		{2A058760-D5E1-4366-884C-8C98ACB33174} = {06F42AAB-CDF9-45AE-99DB-0ECB5F45A88B}
		{D94D3318-44AE-489B-8E45-CDFFD5681EC5} = {06F42AAB-CDF9-45AE-99DB-0ECB5F45A88B}
	EndGlobalSection
EndGlobal
