
Microsoft Visual Studio Solution File, Format Version 12.00
# Visual Studio 2013
VisualStudioVersion = 12.0.40629.0
MinimumVisualStudioVersion = 10.0.40219.1
Project("{2150E333-8FDC-42A3-9474-1A3956D46DE8}") = "Effects", "Effects", "{C264A780-C046-4866-A7AC-6A9861576F5C}"
EndProject
Project("{8BC9CEB8-8B4A-11D0-8D11-00A0C91BC942}") = "Falcor", "Framework\Source\Falcor.vcxproj", "{3B602F0E-3834-4F73-B97D-7DFC91597A98}"
EndProject
Project("{2150E333-8FDC-42A3-9474-1A3956D46DE8}") = "Tests", "Tests", "{FA2EE8E9-8205-4E68-9196-A48F36DB73CC}"
EndProject
Project("{8BC9CEB8-8B4A-11D0-8D11-00A0C91BC942}") = "UniformBufferTest", "Tests\UniformBufferTest\UniformBufferTest.vcxproj", "{ADF06CFE-3A1B-4CF9-81BB-54581217CF42}"
EndProject
Project("{8BC9CEB8-8B4A-11D0-8D11-00A0C91BC942}") = "FalcorCuda", "Framework\Source\FalcorCuda.vcxproj", "{A529A0A5-0077-4F28-AF7E-DBF3D4769E0B}"
EndProject
Project("{8BC9CEB8-8B4A-11D0-8D11-00A0C91BC942}") = "Raytracing", "Framework\Source\Raytracing.vcxproj", "{31CD50F5-2F45-47B5-B6A1-E067CFBB5C37}"
EndProject
Project("{2150E333-8FDC-42A3-9474-1A3956D46DE8}") = "Samples", "Samples", "{518F9E6D-D9DE-4557-94EC-F0F466354504}"
EndProject
Project("{8BC9CEB8-8B4A-11D0-8D11-00A0C91BC942}") = "Shadows", "Samples\Effects\Shadows\Shadows.vcxproj", "{613640EA-CBBD-4B9D-931C-00110D5C4007}"
EndProject
Project("{2150E333-8FDC-42A3-9474-1A3956D46DE8}") = "Core", "Core", "{CA90E299-AACA-4629-AA2C-E5DA38FFB78D}"
EndProject
Project("{8BC9CEB8-8B4A-11D0-8D11-00A0C91BC942}") = "MultiPassPostProcess", "Samples\Core\MultiPassPostProcess\MultiPassPostProcess.vcxproj", "{282AAB9B-2150-447C-9C27-62C38C23761E}"
EndProject
Project("{8BC9CEB8-8B4A-11D0-8D11-00A0C91BC942}") = "ProjectTemplate", "Samples\Core\ProjectTemplate\ProjectTemplate.vcxproj", "{605856E4-34D4-40DF-B859-EEA3A7D52A7B}"
EndProject
Project("{8BC9CEB8-8B4A-11D0-8D11-00A0C91BC942}") = "ShaderBuffers", "Samples\Core\ShaderBuffers\ShaderBuffers.vcxproj", "{E9189681-F552-4811-9B9C-C88E63D21363}"
EndProject
Project("{8BC9CEB8-8B4A-11D0-8D11-00A0C91BC942}") = "ShaderToy", "Samples\Core\ShaderToy\ShaderToy.vcxproj", "{8AB4CF3D-9824-4390-8569-B07776C4D1F6}"
EndProject
Project("{8BC9CEB8-8B4A-11D0-8D11-00A0C91BC942}") = "SimpleCuda", "Samples\Core\SimpleCuda\SimpleCuda.vcxproj", "{FE33342D-4FB6-4594-96BF-7EEEB720B3B2}"
EndProject
Project("{8BC9CEB8-8B4A-11D0-8D11-00A0C91BC942}") = "SimpleDeferred", "Samples\Core\SimpleDeferred\SimpleDeferred.vcxproj", "{6E7CBE80-7C06-485B-BEA7-08AEBFE53C22}"
EndProject
Project("{8BC9CEB8-8B4A-11D0-8D11-00A0C91BC942}") = "SimpleOptiX", "Samples\Core\SimpleOptiX\SimpleOptiX.vcxproj", "{321624AC-58D2-4899-A471-CD58157CBD69}"
EndProject
Project("{8BC9CEB8-8B4A-11D0-8D11-00A0C91BC942}") = "StereoRendering", "Samples\Core\StereoRendering\StereoRendering.vcxproj", "{7C6C43DE-EEF4-4165-BE92-ED753D3799EE}"
EndProject
Project("{2150E333-8FDC-42A3-9474-1A3956D46DE8}") = "Utils", "Utils", "{152F0E49-0B22-4359-B8FB-BD76093D36DE}"
EndProject
Project("{8BC9CEB8-8B4A-11D0-8D11-00A0C91BC942}") = "MaterialEditor", "Samples\Utils\MaterialEditor\MaterialEditor.vcxproj", "{31CABFA1-B7A1-4705-B3F0-E714F10E34C7}"
EndProject
Project("{8BC9CEB8-8B4A-11D0-8D11-00A0C91BC942}") = "ModelViewer", "Samples\Utils\ModelViewer\ModelViewer.vcxproj", "{7BFFD891-AAD6-4E5C-8ADC-611C2625DCD9}"
EndProject
Project("{8BC9CEB8-8B4A-11D0-8D11-00A0C91BC942}") = "ObjToBin", "Samples\Utils\ObjToBin\ObjToBin.vcxproj", "{011C1FED-E27F-4F0A-87B2-6FB60510D3B5}"
EndProject
Project("{8BC9CEB8-8B4A-11D0-8D11-00A0C91BC942}") = "SceneEditor", "Samples\Utils\SceneEditor\SceneEditor.vcxproj", "{DE6A0005-923E-4007-B58C-3C35F690773F}"
EndProject
Project("{8BC9CEB8-8B4A-11D0-8D11-00A0C91BC942}") = "EnvMap", "Samples\Effects\EnvMap\EnvMap.vcxproj", "{0C3483E0-B6C1-41BC-B8F9-306F9BA5F287}"
EndProject
Project("{8BC9CEB8-8B4A-11D0-8D11-00A0C91BC942}") = "NormalMapFiltering", "Samples\Effects\NormalMapFiltering\NormalMapFiltering.vcxproj", "{28027295-6141-4E2C-A54B-E48E41E19E6F}"
EndProject
Project("{8BC9CEB8-8B4A-11D0-8D11-00A0C91BC942}") = "PostProcess", "Samples\Effects\PostProcess\PostProcess.vcxproj", "{0A6AC638-6567-49F9-B328-66BA201C74B6}"
EndProject
Global
	GlobalSection(SolutionConfigurationPlatforms) = preSolution
		Debug|x64 = Debug|x64
		DebugDX11|x64 = DebugDX11|x64
		Release|x64 = Release|x64
		ReleaseDX11|x64 = ReleaseDX11|x64
	EndGlobalSection
	GlobalSection(ProjectConfigurationPlatforms) = postSolution
		{3B602F0E-3834-4F73-B97D-7DFC91597A98}.Debug|x64.ActiveCfg = Debug|x64
		{3B602F0E-3834-4F73-B97D-7DFC91597A98}.Debug|x64.Build.0 = Debug|x64
		{3B602F0E-3834-4F73-B97D-7DFC91597A98}.DebugDX11|x64.ActiveCfg = DebugDX11|x64
		{3B602F0E-3834-4F73-B97D-7DFC91597A98}.DebugDX11|x64.Build.0 = DebugDX11|x64
		{3B602F0E-3834-4F73-B97D-7DFC91597A98}.Release|x64.ActiveCfg = Release|x64
		{3B602F0E-3834-4F73-B97D-7DFC91597A98}.Release|x64.Build.0 = Release|x64
		{3B602F0E-3834-4F73-B97D-7DFC91597A98}.ReleaseDX11|x64.ActiveCfg = ReleaseDX11|x64
		{3B602F0E-3834-4F73-B97D-7DFC91597A98}.ReleaseDX11|x64.Build.0 = ReleaseDX11|x64
		{ADF06CFE-3A1B-4CF9-81BB-54581217CF42}.Debug|x64.ActiveCfg = Debug|x64
		{ADF06CFE-3A1B-4CF9-81BB-54581217CF42}.Debug|x64.Build.0 = Debug|x64
		{ADF06CFE-3A1B-4CF9-81BB-54581217CF42}.DebugDX11|x64.ActiveCfg = Debug|x64
		{ADF06CFE-3A1B-4CF9-81BB-54581217CF42}.DebugDX11|x64.Build.0 = Debug|x64
		{ADF06CFE-3A1B-4CF9-81BB-54581217CF42}.Release|x64.ActiveCfg = Release|x64
		{ADF06CFE-3A1B-4CF9-81BB-54581217CF42}.Release|x64.Build.0 = Release|x64
		{ADF06CFE-3A1B-4CF9-81BB-54581217CF42}.ReleaseDX11|x64.ActiveCfg = Release|x64
		{ADF06CFE-3A1B-4CF9-81BB-54581217CF42}.ReleaseDX11|x64.Build.0 = Release|x64
		{A529A0A5-0077-4F28-AF7E-DBF3D4769E0B}.Debug|x64.ActiveCfg = Debug|x64
		{A529A0A5-0077-4F28-AF7E-DBF3D4769E0B}.Debug|x64.Build.0 = Debug|x64
		{A529A0A5-0077-4F28-AF7E-DBF3D4769E0B}.DebugDX11|x64.ActiveCfg = Debug|x64
		{A529A0A5-0077-4F28-AF7E-DBF3D4769E0B}.Release|x64.ActiveCfg = Release|x64
		{A529A0A5-0077-4F28-AF7E-DBF3D4769E0B}.Release|x64.Build.0 = Release|x64
		{A529A0A5-0077-4F28-AF7E-DBF3D4769E0B}.ReleaseDX11|x64.ActiveCfg = Release|x64
		{31CD50F5-2F45-47B5-B6A1-E067CFBB5C37}.Debug|x64.ActiveCfg = Debug|x64
		{31CD50F5-2F45-47B5-B6A1-E067CFBB5C37}.Debug|x64.Build.0 = Debug|x64
		{31CD50F5-2F45-47B5-B6A1-E067CFBB5C37}.DebugDX11|x64.ActiveCfg = Debug|x64
		{31CD50F5-2F45-47B5-B6A1-E067CFBB5C37}.DebugDX11|x64.Build.0 = Debug|x64
		{31CD50F5-2F45-47B5-B6A1-E067CFBB5C37}.Release|x64.ActiveCfg = Release|x64
		{31CD50F5-2F45-47B5-B6A1-E067CFBB5C37}.Release|x64.Build.0 = Release|x64
		{31CD50F5-2F45-47B5-B6A1-E067CFBB5C37}.ReleaseDX11|x64.ActiveCfg = Release|x64
		{31CD50F5-2F45-47B5-B6A1-E067CFBB5C37}.ReleaseDX11|x64.Build.0 = Release|x64
		{613640EA-CBBD-4B9D-931C-00110D5C4007}.Debug|x64.ActiveCfg = Debug|x64
		{613640EA-CBBD-4B9D-931C-00110D5C4007}.Debug|x64.Build.0 = Debug|x64
		{613640EA-CBBD-4B9D-931C-00110D5C4007}.DebugDX11|x64.ActiveCfg = Debug|x64
		{613640EA-CBBD-4B9D-931C-00110D5C4007}.DebugDX11|x64.Build.0 = Debug|x64
		{613640EA-CBBD-4B9D-931C-00110D5C4007}.Release|x64.ActiveCfg = Release|x64
		{613640EA-CBBD-4B9D-931C-00110D5C4007}.Release|x64.Build.0 = Release|x64
		{613640EA-CBBD-4B9D-931C-00110D5C4007}.ReleaseDX11|x64.ActiveCfg = Release|x64
		{613640EA-CBBD-4B9D-931C-00110D5C4007}.ReleaseDX11|x64.Build.0 = Release|x64
		{282AAB9B-2150-447C-9C27-62C38C23761E}.Debug|x64.ActiveCfg = Debug|x64
		{282AAB9B-2150-447C-9C27-62C38C23761E}.Debug|x64.Build.0 = Debug|x64
		{282AAB9B-2150-447C-9C27-62C38C23761E}.DebugDX11|x64.ActiveCfg = Debug|x64
		{282AAB9B-2150-447C-9C27-62C38C23761E}.DebugDX11|x64.Build.0 = Debug|x64
		{282AAB9B-2150-447C-9C27-62C38C23761E}.Release|x64.ActiveCfg = Release|x64
		{282AAB9B-2150-447C-9C27-62C38C23761E}.Release|x64.Build.0 = Release|x64
		{282AAB9B-2150-447C-9C27-62C38C23761E}.ReleaseDX11|x64.ActiveCfg = Release|x64
		{282AAB9B-2150-447C-9C27-62C38C23761E}.ReleaseDX11|x64.Build.0 = Release|x64
		{605856E4-34D4-40DF-B859-EEA3A7D52A7B}.Debug|x64.ActiveCfg = Debug|x64
		{605856E4-34D4-40DF-B859-EEA3A7D52A7B}.Debug|x64.Build.0 = Debug|x64
		{605856E4-34D4-40DF-B859-EEA3A7D52A7B}.DebugDX11|x64.ActiveCfg = Debug|x64
		{605856E4-34D4-40DF-B859-EEA3A7D52A7B}.DebugDX11|x64.Build.0 = Debug|x64
		{605856E4-34D4-40DF-B859-EEA3A7D52A7B}.Release|x64.ActiveCfg = Release|x64
		{605856E4-34D4-40DF-B859-EEA3A7D52A7B}.Release|x64.Build.0 = Release|x64
		{605856E4-34D4-40DF-B859-EEA3A7D52A7B}.ReleaseDX11|x64.ActiveCfg = Release|x64
		{605856E4-34D4-40DF-B859-EEA3A7D52A7B}.ReleaseDX11|x64.Build.0 = Release|x64
		{E9189681-F552-4811-9B9C-C88E63D21363}.Debug|x64.ActiveCfg = Debug|x64
		{E9189681-F552-4811-9B9C-C88E63D21363}.Debug|x64.Build.0 = Debug|x64
		{E9189681-F552-4811-9B9C-C88E63D21363}.DebugDX11|x64.ActiveCfg = Debug|x64
		{E9189681-F552-4811-9B9C-C88E63D21363}.DebugDX11|x64.Build.0 = Debug|x64
		{E9189681-F552-4811-9B9C-C88E63D21363}.Release|x64.ActiveCfg = Release|x64
		{E9189681-F552-4811-9B9C-C88E63D21363}.Release|x64.Build.0 = Release|x64
		{E9189681-F552-4811-9B9C-C88E63D21363}.ReleaseDX11|x64.ActiveCfg = Release|x64
		{E9189681-F552-4811-9B9C-C88E63D21363}.ReleaseDX11|x64.Build.0 = Release|x64
		{8AB4CF3D-9824-4390-8569-B07776C4D1F6}.Debug|x64.ActiveCfg = Debug|x64
		{8AB4CF3D-9824-4390-8569-B07776C4D1F6}.Debug|x64.Build.0 = Debug|x64
		{8AB4CF3D-9824-4390-8569-B07776C4D1F6}.DebugDX11|x64.ActiveCfg = Debug|x64
		{8AB4CF3D-9824-4390-8569-B07776C4D1F6}.DebugDX11|x64.Build.0 = Debug|x64
		{8AB4CF3D-9824-4390-8569-B07776C4D1F6}.Release|x64.ActiveCfg = Release|x64
		{8AB4CF3D-9824-4390-8569-B07776C4D1F6}.Release|x64.Build.0 = Release|x64
		{8AB4CF3D-9824-4390-8569-B07776C4D1F6}.ReleaseDX11|x64.ActiveCfg = Release|x64
		{8AB4CF3D-9824-4390-8569-B07776C4D1F6}.ReleaseDX11|x64.Build.0 = Release|x64
		{FE33342D-4FB6-4594-96BF-7EEEB720B3B2}.Debug|x64.ActiveCfg = Debug|x64
		{FE33342D-4FB6-4594-96BF-7EEEB720B3B2}.Debug|x64.Build.0 = Debug|x64
		{FE33342D-4FB6-4594-96BF-7EEEB720B3B2}.DebugDX11|x64.ActiveCfg = Debug|x64
		{FE33342D-4FB6-4594-96BF-7EEEB720B3B2}.DebugDX11|x64.Build.0 = Debug|x64
		{FE33342D-4FB6-4594-96BF-7EEEB720B3B2}.Release|x64.ActiveCfg = Release|x64
		{FE33342D-4FB6-4594-96BF-7EEEB720B3B2}.Release|x64.Build.0 = Release|x64
		{FE33342D-4FB6-4594-96BF-7EEEB720B3B2}.ReleaseDX11|x64.ActiveCfg = Release|x64
		{FE33342D-4FB6-4594-96BF-7EEEB720B3B2}.ReleaseDX11|x64.Build.0 = Release|x64
		{6E7CBE80-7C06-485B-BEA7-08AEBFE53C22}.Debug|x64.ActiveCfg = Debug|x64
		{6E7CBE80-7C06-485B-BEA7-08AEBFE53C22}.Debug|x64.Build.0 = Debug|x64
		{6E7CBE80-7C06-485B-BEA7-08AEBFE53C22}.DebugDX11|x64.ActiveCfg = Debug|x64
		{6E7CBE80-7C06-485B-BEA7-08AEBFE53C22}.DebugDX11|x64.Build.0 = Debug|x64
		{6E7CBE80-7C06-485B-BEA7-08AEBFE53C22}.Release|x64.ActiveCfg = Release|x64
		{6E7CBE80-7C06-485B-BEA7-08AEBFE53C22}.Release|x64.Build.0 = Release|x64
		{6E7CBE80-7C06-485B-BEA7-08AEBFE53C22}.ReleaseDX11|x64.ActiveCfg = Release|x64
		{6E7CBE80-7C06-485B-BEA7-08AEBFE53C22}.ReleaseDX11|x64.Build.0 = Release|x64
		{321624AC-58D2-4899-A471-CD58157CBD69}.Debug|x64.ActiveCfg = Debug|x64
		{321624AC-58D2-4899-A471-CD58157CBD69}.Debug|x64.Build.0 = Debug|x64
		{321624AC-58D2-4899-A471-CD58157CBD69}.DebugDX11|x64.ActiveCfg = Debug|x64
		{321624AC-58D2-4899-A471-CD58157CBD69}.DebugDX11|x64.Build.0 = Debug|x64
		{321624AC-58D2-4899-A471-CD58157CBD69}.Release|x64.ActiveCfg = Release|x64
		{321624AC-58D2-4899-A471-CD58157CBD69}.Release|x64.Build.0 = Release|x64
		{321624AC-58D2-4899-A471-CD58157CBD69}.ReleaseDX11|x64.ActiveCfg = Release|x64
		{321624AC-58D2-4899-A471-CD58157CBD69}.ReleaseDX11|x64.Build.0 = Release|x64
		{7C6C43DE-EEF4-4165-BE92-ED753D3799EE}.Debug|x64.ActiveCfg = Debug|x64
		{7C6C43DE-EEF4-4165-BE92-ED753D3799EE}.Debug|x64.Build.0 = Debug|x64
		{7C6C43DE-EEF4-4165-BE92-ED753D3799EE}.DebugDX11|x64.ActiveCfg = Debug|x64
		{7C6C43DE-EEF4-4165-BE92-ED753D3799EE}.DebugDX11|x64.Build.0 = Debug|x64
		{7C6C43DE-EEF4-4165-BE92-ED753D3799EE}.Release|x64.ActiveCfg = Release|x64
		{7C6C43DE-EEF4-4165-BE92-ED753D3799EE}.Release|x64.Build.0 = Release|x64
		{7C6C43DE-EEF4-4165-BE92-ED753D3799EE}.ReleaseDX11|x64.ActiveCfg = Release|x64
		{7C6C43DE-EEF4-4165-BE92-ED753D3799EE}.ReleaseDX11|x64.Build.0 = Release|x64
		{31CABFA1-B7A1-4705-B3F0-E714F10E34C7}.Debug|x64.ActiveCfg = Debug|x64
		{31CABFA1-B7A1-4705-B3F0-E714F10E34C7}.Debug|x64.Build.0 = Debug|x64
		{31CABFA1-B7A1-4705-B3F0-E714F10E34C7}.DebugDX11|x64.ActiveCfg = Debug|x64
		{31CABFA1-B7A1-4705-B3F0-E714F10E34C7}.DebugDX11|x64.Build.0 = Debug|x64
		{31CABFA1-B7A1-4705-B3F0-E714F10E34C7}.Release|x64.ActiveCfg = Release|x64
		{31CABFA1-B7A1-4705-B3F0-E714F10E34C7}.Release|x64.Build.0 = Release|x64
		{31CABFA1-B7A1-4705-B3F0-E714F10E34C7}.ReleaseDX11|x64.ActiveCfg = Release|x64
		{31CABFA1-B7A1-4705-B3F0-E714F10E34C7}.ReleaseDX11|x64.Build.0 = Release|x64
		{7BFFD891-AAD6-4E5C-8ADC-611C2625DCD9}.Debug|x64.ActiveCfg = Debug|x64
		{7BFFD891-AAD6-4E5C-8ADC-611C2625DCD9}.Debug|x64.Build.0 = Debug|x64
		{7BFFD891-AAD6-4E5C-8ADC-611C2625DCD9}.DebugDX11|x64.ActiveCfg = Debug|x64
		{7BFFD891-AAD6-4E5C-8ADC-611C2625DCD9}.DebugDX11|x64.Build.0 = Debug|x64
		{7BFFD891-AAD6-4E5C-8ADC-611C2625DCD9}.Release|x64.ActiveCfg = Release|x64
		{7BFFD891-AAD6-4E5C-8ADC-611C2625DCD9}.Release|x64.Build.0 = Release|x64
		{7BFFD891-AAD6-4E5C-8ADC-611C2625DCD9}.ReleaseDX11|x64.ActiveCfg = Release|x64
		{7BFFD891-AAD6-4E5C-8ADC-611C2625DCD9}.ReleaseDX11|x64.Build.0 = Release|x64
		{011C1FED-E27F-4F0A-87B2-6FB60510D3B5}.Debug|x64.ActiveCfg = Debug|x64
		{011C1FED-E27F-4F0A-87B2-6FB60510D3B5}.Debug|x64.Build.0 = Debug|x64
		{011C1FED-E27F-4F0A-87B2-6FB60510D3B5}.DebugDX11|x64.ActiveCfg = Debug|x64
		{011C1FED-E27F-4F0A-87B2-6FB60510D3B5}.DebugDX11|x64.Build.0 = Debug|x64
		{011C1FED-E27F-4F0A-87B2-6FB60510D3B5}.Release|x64.ActiveCfg = Release|x64
		{011C1FED-E27F-4F0A-87B2-6FB60510D3B5}.Release|x64.Build.0 = Release|x64
		{011C1FED-E27F-4F0A-87B2-6FB60510D3B5}.ReleaseDX11|x64.ActiveCfg = Release|x64
		{011C1FED-E27F-4F0A-87B2-6FB60510D3B5}.ReleaseDX11|x64.Build.0 = Release|x64
		{DE6A0005-923E-4007-B58C-3C35F690773F}.Debug|x64.ActiveCfg = Debug|x64
		{DE6A0005-923E-4007-B58C-3C35F690773F}.Debug|x64.Build.0 = Debug|x64
		{DE6A0005-923E-4007-B58C-3C35F690773F}.DebugDX11|x64.ActiveCfg = Debug|x64
		{DE6A0005-923E-4007-B58C-3C35F690773F}.DebugDX11|x64.Build.0 = Debug|x64
		{DE6A0005-923E-4007-B58C-3C35F690773F}.Release|x64.ActiveCfg = Release|x64
		{DE6A0005-923E-4007-B58C-3C35F690773F}.Release|x64.Build.0 = Release|x64
		{DE6A0005-923E-4007-B58C-3C35F690773F}.ReleaseDX11|x64.ActiveCfg = Release|x64
		{DE6A0005-923E-4007-B58C-3C35F690773F}.ReleaseDX11|x64.Build.0 = Release|x64
		{0C3483E0-B6C1-41BC-B8F9-306F9BA5F287}.Debug|x64.ActiveCfg = Debug|x64
		{0C3483E0-B6C1-41BC-B8F9-306F9BA5F287}.Debug|x64.Build.0 = Debug|x64
		{0C3483E0-B6C1-41BC-B8F9-306F9BA5F287}.DebugDX11|x64.ActiveCfg = Debug|x64
		{0C3483E0-B6C1-41BC-B8F9-306F9BA5F287}.DebugDX11|x64.Build.0 = Debug|x64
		{0C3483E0-B6C1-41BC-B8F9-306F9BA5F287}.Release|x64.ActiveCfg = Release|x64
		{0C3483E0-B6C1-41BC-B8F9-306F9BA5F287}.Release|x64.Build.0 = Release|x64
		{0C3483E0-B6C1-41BC-B8F9-306F9BA5F287}.ReleaseDX11|x64.ActiveCfg = Release|x64
		{0C3483E0-B6C1-41BC-B8F9-306F9BA5F287}.ReleaseDX11|x64.Build.0 = Release|x64
		{28027295-6141-4E2C-A54B-E48E41E19E6F}.Debug|x64.ActiveCfg = Debug|x64
		{28027295-6141-4E2C-A54B-E48E41E19E6F}.Debug|x64.Build.0 = Debug|x64
		{28027295-6141-4E2C-A54B-E48E41E19E6F}.DebugDX11|x64.ActiveCfg = Debug|x64
		{28027295-6141-4E2C-A54B-E48E41E19E6F}.DebugDX11|x64.Build.0 = Debug|x64
		{28027295-6141-4E2C-A54B-E48E41E19E6F}.Release|x64.ActiveCfg = Release|x64
		{28027295-6141-4E2C-A54B-E48E41E19E6F}.Release|x64.Build.0 = Release|x64
		{28027295-6141-4E2C-A54B-E48E41E19E6F}.ReleaseDX11|x64.ActiveCfg = Release|x64
		{28027295-6141-4E2C-A54B-E48E41E19E6F}.ReleaseDX11|x64.Build.0 = Release|x64
		{0A6AC638-6567-49F9-B328-66BA201C74B6}.Debug|x64.ActiveCfg = Debug|x64
		{0A6AC638-6567-49F9-B328-66BA201C74B6}.Debug|x64.Build.0 = Debug|x64
		{0A6AC638-6567-49F9-B328-66BA201C74B6}.DebugDX11|x64.ActiveCfg = Debug|x64
		{0A6AC638-6567-49F9-B328-66BA201C74B6}.DebugDX11|x64.Build.0 = Debug|x64
		{0A6AC638-6567-49F9-B328-66BA201C74B6}.Release|x64.ActiveCfg = Release|x64
		{0A6AC638-6567-49F9-B328-66BA201C74B6}.Release|x64.Build.0 = Release|x64
		{0A6AC638-6567-49F9-B328-66BA201C74B6}.ReleaseDX11|x64.ActiveCfg = Release|x64
		{0A6AC638-6567-49F9-B328-66BA201C74B6}.ReleaseDX11|x64.Build.0 = Release|x64
	EndGlobalSection
	GlobalSection(SolutionProperties) = preSolution
		HideSolutionNode = FALSE
	EndGlobalSection
	GlobalSection(NestedProjects) = preSolution
		{C264A780-C046-4866-A7AC-6A9861576F5C} = {518F9E6D-D9DE-4557-94EC-F0F466354504}
		{ADF06CFE-3A1B-4CF9-81BB-54581217CF42} = {FA2EE8E9-8205-4E68-9196-A48F36DB73CC}
		{613640EA-CBBD-4B9D-931C-00110D5C4007} = {C264A780-C046-4866-A7AC-6A9861576F5C}
		{CA90E299-AACA-4629-AA2C-E5DA38FFB78D} = {518F9E6D-D9DE-4557-94EC-F0F466354504}
		{282AAB9B-2150-447C-9C27-62C38C23761E} = {CA90E299-AACA-4629-AA2C-E5DA38FFB78D}
		{605856E4-34D4-40DF-B859-EEA3A7D52A7B} = {CA90E299-AACA-4629-AA2C-E5DA38FFB78D}
		{E9189681-F552-4811-9B9C-C88E63D21363} = {CA90E299-AACA-4629-AA2C-E5DA38FFB78D}
		{8AB4CF3D-9824-4390-8569-B07776C4D1F6} = {CA90E299-AACA-4629-AA2C-E5DA38FFB78D}
		{FE33342D-4FB6-4594-96BF-7EEEB720B3B2} = {CA90E299-AACA-4629-AA2C-E5DA38FFB78D}
		{6E7CBE80-7C06-485B-BEA7-08AEBFE53C22} = {CA90E299-AACA-4629-AA2C-E5DA38FFB78D}
		{321624AC-58D2-4899-A471-CD58157CBD69} = {CA90E299-AACA-4629-AA2C-E5DA38FFB78D}
		{7C6C43DE-EEF4-4165-BE92-ED753D3799EE} = {CA90E299-AACA-4629-AA2C-E5DA38FFB78D}
		{152F0E49-0B22-4359-B8FB-BD76093D36DE} = {518F9E6D-D9DE-4557-94EC-F0F466354504}
		{31CABFA1-B7A1-4705-B3F0-E714F10E34C7} = {152F0E49-0B22-4359-B8FB-BD76093D36DE}
		{7BFFD891-AAD6-4E5C-8ADC-611C2625DCD9} = {152F0E49-0B22-4359-B8FB-BD76093D36DE}
		{011C1FED-E27F-4F0A-87B2-6FB60510D3B5} = {152F0E49-0B22-4359-B8FB-BD76093D36DE}
		{DE6A0005-923E-4007-B58C-3C35F690773F} = {152F0E49-0B22-4359-B8FB-BD76093D36DE}
		{0C3483E0-B6C1-41BC-B8F9-306F9BA5F287} = {C264A780-C046-4866-A7AC-6A9861576F5C}
		{28027295-6141-4E2C-A54B-E48E41E19E6F} = {C264A780-C046-4866-A7AC-6A9861576F5C}
		{0A6AC638-6567-49F9-B328-66BA201C74B6} = {C264A780-C046-4866-A7AC-6A9861576F5C}
	EndGlobalSection
EndGlobal
