<?xml version="1.0" encoding="utf-8"?>
<Project ToolsVersion="4.0" xmlns="http://schemas.microsoft.com/developer/msbuild/2003">
  <ItemGroup>
    <ClCompile Include="VKDev.cpp" />
  </ItemGroup>
  <ItemGroup>
    <ClInclude Include="VKDev.h" />
  </ItemGroup>
  <ItemGroup>
    <Filter Include="Data">
      <UniqueIdentifier>{051eaa1c-fe66-4206-9224-d3aedfb40a16}</UniqueIdentifier>
    </Filter>
  </ItemGroup>
</Project>