
Microsoft Visual Studio Solution File, Format Version 12.00
# Visual Studio 14
VisualStudioVersion = 14.0.25420.1
MinimumVisualStudioVersion = 10.0.40219.1
Project("{8BC9CEB8-8B4A-11D0-8D11-00A0C91BC942}") = "FalcorTest", "FalcorTest.vcxproj", "{50BDCD17-C66E-4A3A-AF85-106D4477F571}"
EndProject
Project("{8BC9CEB8-8B4A-11D0-8D11-00A0C91BC942}") = "Falcor", "..\Framework\Source\Falcor.vcxproj", "{3B602F0E-3834-4F73-B97D-7DFC91597A98}"
EndProject
Global
	GlobalSection(SolutionConfigurationPlatforms) = preSolution
		Debug|x64 = Debug|x64
		DebugD3D11|x64 = DebugD3D11|x64
		DebugD3D12|x64 = DebugD3D12|x64
		DebugGL|x64 = DebugGL|x64
		Release|x64 = Release|x64
		ReleaseD3D11|x64 = ReleaseD3D11|x64
		ReleaseD3D12|x64 = ReleaseD3D12|x64
		ReleaseGL|x64 = ReleaseGL|x64
	EndGlobalSection
	GlobalSection(ProjectConfigurationPlatforms) = postSolution
		{50BDCD17-C66E-4A3A-AF85-106D4477F571}.Debug|x64.ActiveCfg = Debug|x64
		{50BDCD17-C66E-4A3A-AF85-106D4477F571}.Debug|x64.Build.0 = Debug|x64
		{50BDCD17-C66E-4A3A-AF85-106D4477F571}.DebugD3D11|x64.ActiveCfg = Debug|x64
		{50BDCD17-C66E-4A3A-AF85-106D4477F571}.DebugD3D11|x64.Build.0 = Debug|x64
		{50BDCD17-C66E-4A3A-AF85-106D4477F571}.DebugD3D12|x64.ActiveCfg = Debug|x64
		{50BDCD17-C66E-4A3A-AF85-106D4477F571}.DebugD3D12|x64.Build.0 = Debug|x64
		{50BDCD17-C66E-4A3A-AF85-106D4477F571}.DebugGL|x64.ActiveCfg = Debug|x64
		{50BDCD17-C66E-4A3A-AF85-106D4477F571}.DebugGL|x64.Build.0 = Debug|x64
		{50BDCD17-C66E-4A3A-AF85-106D4477F571}.Release|x64.ActiveCfg = Release|x64
		{50BDCD17-C66E-4A3A-AF85-106D4477F571}.Release|x64.Build.0 = Release|x64
		{50BDCD17-C66E-4A3A-AF85-106D4477F571}.ReleaseD3D11|x64.ActiveCfg = Release|x64
		{50BDCD17-C66E-4A3A-AF85-106D4477F571}.ReleaseD3D11|x64.Build.0 = Release|x64
		{50BDCD17-C66E-4A3A-AF85-106D4477F571}.ReleaseD3D12|x64.ActiveCfg = Release|x64
		{50BDCD17-C66E-4A3A-AF85-106D4477F571}.ReleaseD3D12|x64.Build.0 = Release|x64
		{50BDCD17-C66E-4A3A-AF85-106D4477F571}.ReleaseGL|x64.ActiveCfg = Release|x64
		{50BDCD17-C66E-4A3A-AF85-106D4477F571}.ReleaseGL|x64.Build.0 = Release|x64
		{3B602F0E-3834-4F73-B97D-7DFC91597A98}.Debug|x64.ActiveCfg = DebugGL|x64
		{3B602F0E-3834-4F73-B97D-7DFC91597A98}.Debug|x64.Build.0 = DebugGL|x64
		{3B602F0E-3834-4F73-B97D-7DFC91597A98}.DebugD3D11|x64.ActiveCfg = DebugD3D11|x64
		{3B602F0E-3834-4F73-B97D-7DFC91597A98}.DebugD3D11|x64.Build.0 = DebugD3D11|x64
		{3B602F0E-3834-4F73-B97D-7DFC91597A98}.DebugD3D12|x64.ActiveCfg = DebugD3D12|x64
		{3B602F0E-3834-4F73-B97D-7DFC91597A98}.DebugD3D12|x64.Build.0 = DebugD3D12|x64
		{3B602F0E-3834-4F73-B97D-7DFC91597A98}.DebugGL|x64.ActiveCfg = DebugGL|x64
		{3B602F0E-3834-4F73-B97D-7DFC91597A98}.DebugGL|x64.Build.0 = DebugGL|x64
		{3B602F0E-3834-4F73-B97D-7DFC91597A98}.Release|x64.ActiveCfg = ReleaseGL|x64
		{3B602F0E-3834-4F73-B97D-7DFC91597A98}.Release|x64.Build.0 = ReleaseGL|x64
		{3B602F0E-3834-4F73-B97D-7DFC91597A98}.ReleaseD3D11|x64.ActiveCfg = ReleaseD3D11|x64
		{3B602F0E-3834-4F73-B97D-7DFC91597A98}.ReleaseD3D11|x64.Build.0 = ReleaseD3D11|x64
		{3B602F0E-3834-4F73-B97D-7DFC91597A98}.ReleaseD3D12|x64.ActiveCfg = ReleaseD3D12|x64
		{3B602F0E-3834-4F73-B97D-7DFC91597A98}.ReleaseD3D12|x64.Build.0 = ReleaseD3D12|x64
		{3B602F0E-3834-4F73-B97D-7DFC91597A98}.ReleaseGL|x64.ActiveCfg = ReleaseGL|x64
		{3B602F0E-3834-4F73-B97D-7DFC91597A98}.ReleaseGL|x64.Build.0 = ReleaseGL|x64
	EndGlobalSection
	GlobalSection(SolutionProperties) = preSolution
		HideSolutionNode = FALSE
	EndGlobalSection
EndGlobal
