
Microsoft Visual Studio Solution File, Format Version 12.00
# Visual Studio 14
VisualStudioVersion = 14.0.25420.1
MinimumVisualStudioVersion = 10.0.40219.1
Project("{8BC9CEB8-8B4A-11D0-8D11-00A0C91BC942}") = "FalcorTest", "FalcorTest.vcxproj", "{50BDCD17-C66E-4A3A-AF85-106D4477F571}"
EndProject
Project("{8BC9CEB8-8B4A-11D0-8D11-00A0C91BC942}") = "Falcor", "..\Framework\Source\Falcor.vcxproj", "{3B602F0E-3834-4F73-B97D-7DFC91597A98}"
EndProject
Project("{8BC9CEB8-8B4A-11D0-8D11-00A0C91BC942}") = "BlendStateTest", "BlendStateTest\BlendStateTest.vcxproj", "{71DE9059-7A0D-4FA2-8C4A-E9D031A4A3CC}"
EndProject
Project("{2150E333-8FDC-42A3-9474-1A3956D46DE8}") = "Tests", "Tests", "{766FFA40-0484-4A58-A07E-1AE7B6070B95}"
EndProject
Project("{8BC9CEB8-8B4A-11D0-8D11-00A0C91BC942}") = "RasterizerStateTest", "RasterizerStateTest\RasterizerStateTest.vcxproj", "{9BCB9E3A-6F8D-429D-9F70-445327075490}"
EndProject
Global
	GlobalSection(SolutionConfigurationPlatforms) = preSolution
		Debug|x64 = Debug|x64
		Debug|x86 = Debug|x86
		DebugD3D11|x64 = DebugD3D11|x64
		DebugD3D11|x86 = DebugD3D11|x86
		DebugD3D12|x64 = DebugD3D12|x64
		DebugD3D12|x86 = DebugD3D12|x86
		DebugGL|x64 = DebugGL|x64
		DebugGL|x86 = DebugGL|x86
		Release|x64 = Release|x64
		Release|x86 = Release|x86
		ReleaseD3D11|x64 = ReleaseD3D11|x64
		ReleaseD3D11|x86 = ReleaseD3D11|x86
		ReleaseD3D12|x64 = ReleaseD3D12|x64
		ReleaseD3D12|x86 = ReleaseD3D12|x86
		ReleaseGL|x64 = ReleaseGL|x64
		ReleaseGL|x86 = ReleaseGL|x86
	EndGlobalSection
	GlobalSection(ProjectConfigurationPlatforms) = postSolution
		{50BDCD17-C66E-4A3A-AF85-106D4477F571}.Debug|x64.ActiveCfg = Debug|x64
		{50BDCD17-C66E-4A3A-AF85-106D4477F571}.Debug|x64.Build.0 = Debug|x64
		{50BDCD17-C66E-4A3A-AF85-106D4477F571}.Debug|x86.ActiveCfg = Debug|x64
		{50BDCD17-C66E-4A3A-AF85-106D4477F571}.DebugD3D11|x64.ActiveCfg = Debug|x64
		{50BDCD17-C66E-4A3A-AF85-106D4477F571}.DebugD3D11|x64.Build.0 = Debug|x64
		{50BDCD17-C66E-4A3A-AF85-106D4477F571}.DebugD3D11|x86.ActiveCfg = ReleaseD3D12|x64
		{50BDCD17-C66E-4A3A-AF85-106D4477F571}.DebugD3D11|x86.Build.0 = ReleaseD3D12|x64
		{50BDCD17-C66E-4A3A-AF85-106D4477F571}.DebugD3D12|x64.ActiveCfg = Debug|x64
		{50BDCD17-C66E-4A3A-AF85-106D4477F571}.DebugD3D12|x64.Build.0 = Debug|x64
		{50BDCD17-C66E-4A3A-AF85-106D4477F571}.DebugD3D12|x86.ActiveCfg = DebugD3D12|x64
		{50BDCD17-C66E-4A3A-AF85-106D4477F571}.DebugGL|x64.ActiveCfg = Debug|x64
		{50BDCD17-C66E-4A3A-AF85-106D4477F571}.DebugGL|x64.Build.0 = Debug|x64
		{50BDCD17-C66E-4A3A-AF85-106D4477F571}.DebugGL|x86.ActiveCfg = ReleaseD3D12|x64
		{50BDCD17-C66E-4A3A-AF85-106D4477F571}.DebugGL|x86.Build.0 = ReleaseD3D12|x64
		{50BDCD17-C66E-4A3A-AF85-106D4477F571}.Release|x64.ActiveCfg = Release|x64
		{50BDCD17-C66E-4A3A-AF85-106D4477F571}.Release|x64.Build.0 = Release|x64
		{50BDCD17-C66E-4A3A-AF85-106D4477F571}.Release|x86.ActiveCfg = Release|x64
		{50BDCD17-C66E-4A3A-AF85-106D4477F571}.ReleaseD3D11|x64.ActiveCfg = Release|x64
		{50BDCD17-C66E-4A3A-AF85-106D4477F571}.ReleaseD3D11|x64.Build.0 = Release|x64
		{50BDCD17-C66E-4A3A-AF85-106D4477F571}.ReleaseD3D11|x86.ActiveCfg = ReleaseD3D12|x64
		{50BDCD17-C66E-4A3A-AF85-106D4477F571}.ReleaseD3D11|x86.Build.0 = ReleaseD3D12|x64
		{50BDCD17-C66E-4A3A-AF85-106D4477F571}.ReleaseD3D12|x64.ActiveCfg = Release|x64
		{50BDCD17-C66E-4A3A-AF85-106D4477F571}.ReleaseD3D12|x64.Build.0 = Release|x64
		{50BDCD17-C66E-4A3A-AF85-106D4477F571}.ReleaseD3D12|x86.ActiveCfg = ReleaseD3D12|x64
		{50BDCD17-C66E-4A3A-AF85-106D4477F571}.ReleaseGL|x64.ActiveCfg = Release|x64
		{50BDCD17-C66E-4A3A-AF85-106D4477F571}.ReleaseGL|x64.Build.0 = Release|x64
		{50BDCD17-C66E-4A3A-AF85-106D4477F571}.ReleaseGL|x86.ActiveCfg = ReleaseD3D12|x64
		{50BDCD17-C66E-4A3A-AF85-106D4477F571}.ReleaseGL|x86.Build.0 = ReleaseD3D12|x64
		{3B602F0E-3834-4F73-B97D-7DFC91597A98}.Debug|x64.ActiveCfg = DebugGL|x64
		{3B602F0E-3834-4F73-B97D-7DFC91597A98}.Debug|x64.Build.0 = DebugGL|x64
		{3B602F0E-3834-4F73-B97D-7DFC91597A98}.Debug|x86.ActiveCfg = ReleaseD3D12|x64
		{3B602F0E-3834-4F73-B97D-7DFC91597A98}.Debug|x86.Build.0 = ReleaseD3D12|x64
		{3B602F0E-3834-4F73-B97D-7DFC91597A98}.DebugD3D11|x64.ActiveCfg = DebugD3D11|x64
		{3B602F0E-3834-4F73-B97D-7DFC91597A98}.DebugD3D11|x64.Build.0 = DebugD3D11|x64
		{3B602F0E-3834-4F73-B97D-7DFC91597A98}.DebugD3D11|x86.ActiveCfg = DebugD3D11|x64
		{3B602F0E-3834-4F73-B97D-7DFC91597A98}.DebugD3D12|x64.ActiveCfg = DebugD3D12|x64
		{3B602F0E-3834-4F73-B97D-7DFC91597A98}.DebugD3D12|x64.Build.0 = DebugD3D12|x64
		{3B602F0E-3834-4F73-B97D-7DFC91597A98}.DebugD3D12|x86.ActiveCfg = DebugD3D12|x64
		{3B602F0E-3834-4F73-B97D-7DFC91597A98}.DebugGL|x64.ActiveCfg = DebugGL|x64
		{3B602F0E-3834-4F73-B97D-7DFC91597A98}.DebugGL|x64.Build.0 = DebugGL|x64
		{3B602F0E-3834-4F73-B97D-7DFC91597A98}.DebugGL|x86.ActiveCfg = DebugGL|x64
		{3B602F0E-3834-4F73-B97D-7DFC91597A98}.Release|x64.ActiveCfg = ReleaseGL|x64
		{3B602F0E-3834-4F73-B97D-7DFC91597A98}.Release|x64.Build.0 = ReleaseGL|x64
		{3B602F0E-3834-4F73-B97D-7DFC91597A98}.Release|x86.ActiveCfg = ReleaseD3D12|x64
		{3B602F0E-3834-4F73-B97D-7DFC91597A98}.Release|x86.Build.0 = ReleaseD3D12|x64
		{3B602F0E-3834-4F73-B97D-7DFC91597A98}.ReleaseD3D11|x64.ActiveCfg = ReleaseD3D11|x64
		{3B602F0E-3834-4F73-B97D-7DFC91597A98}.ReleaseD3D11|x64.Build.0 = ReleaseD3D11|x64
		{3B602F0E-3834-4F73-B97D-7DFC91597A98}.ReleaseD3D11|x86.ActiveCfg = ReleaseD3D11|x64
		{3B602F0E-3834-4F73-B97D-7DFC91597A98}.ReleaseD3D12|x64.ActiveCfg = ReleaseD3D12|x64
		{3B602F0E-3834-4F73-B97D-7DFC91597A98}.ReleaseD3D12|x64.Build.0 = ReleaseD3D12|x64
		{3B602F0E-3834-4F73-B97D-7DFC91597A98}.ReleaseD3D12|x86.ActiveCfg = ReleaseD3D12|x64
		{3B602F0E-3834-4F73-B97D-7DFC91597A98}.ReleaseGL|x64.ActiveCfg = ReleaseGL|x64
		{3B602F0E-3834-4F73-B97D-7DFC91597A98}.ReleaseGL|x64.Build.0 = ReleaseGL|x64
		{3B602F0E-3834-4F73-B97D-7DFC91597A98}.ReleaseGL|x86.ActiveCfg = ReleaseGL|x64
		{71DE9059-7A0D-4FA2-8C4A-E9D031A4A3CC}.Debug|x64.ActiveCfg = Debug|x64
		{71DE9059-7A0D-4FA2-8C4A-E9D031A4A3CC}.Debug|x64.Build.0 = Debug|x64
		{71DE9059-7A0D-4FA2-8C4A-E9D031A4A3CC}.Debug|x86.ActiveCfg = Debug|x64
		{71DE9059-7A0D-4FA2-8C4A-E9D031A4A3CC}.DebugD3D11|x64.ActiveCfg = Debug|x64
		{71DE9059-7A0D-4FA2-8C4A-E9D031A4A3CC}.DebugD3D11|x64.Build.0 = Debug|x64
		{71DE9059-7A0D-4FA2-8C4A-E9D031A4A3CC}.DebugD3D11|x86.ActiveCfg = Release|x64
		{71DE9059-7A0D-4FA2-8C4A-E9D031A4A3CC}.DebugD3D11|x86.Build.0 = Release|x64
		{71DE9059-7A0D-4FA2-8C4A-E9D031A4A3CC}.DebugD3D12|x64.ActiveCfg = Debug|x64
		{71DE9059-7A0D-4FA2-8C4A-E9D031A4A3CC}.DebugD3D12|x64.Build.0 = Debug|x64
		{71DE9059-7A0D-4FA2-8C4A-E9D031A4A3CC}.DebugD3D12|x86.ActiveCfg = Release|x64
		{71DE9059-7A0D-4FA2-8C4A-E9D031A4A3CC}.DebugD3D12|x86.Build.0 = Release|x64
		{71DE9059-7A0D-4FA2-8C4A-E9D031A4A3CC}.DebugGL|x64.ActiveCfg = Debug|x64
		{71DE9059-7A0D-4FA2-8C4A-E9D031A4A3CC}.DebugGL|x64.Build.0 = Debug|x64
		{71DE9059-7A0D-4FA2-8C4A-E9D031A4A3CC}.DebugGL|x86.ActiveCfg = Release|x64
		{71DE9059-7A0D-4FA2-8C4A-E9D031A4A3CC}.DebugGL|x86.Build.0 = Release|x64
		{71DE9059-7A0D-4FA2-8C4A-E9D031A4A3CC}.Release|x64.ActiveCfg = Release|x64
		{71DE9059-7A0D-4FA2-8C4A-E9D031A4A3CC}.Release|x64.Build.0 = Release|x64
		{71DE9059-7A0D-4FA2-8C4A-E9D031A4A3CC}.Release|x86.ActiveCfg = Release|x64
		{71DE9059-7A0D-4FA2-8C4A-E9D031A4A3CC}.ReleaseD3D11|x64.ActiveCfg = Release|x64
		{71DE9059-7A0D-4FA2-8C4A-E9D031A4A3CC}.ReleaseD3D11|x64.Build.0 = Release|x64
		{71DE9059-7A0D-4FA2-8C4A-E9D031A4A3CC}.ReleaseD3D11|x86.ActiveCfg = Release|x64
		{71DE9059-7A0D-4FA2-8C4A-E9D031A4A3CC}.ReleaseD3D11|x86.Build.0 = Release|x64
		{71DE9059-7A0D-4FA2-8C4A-E9D031A4A3CC}.ReleaseD3D12|x64.ActiveCfg = Release|x64
		{71DE9059-7A0D-4FA2-8C4A-E9D031A4A3CC}.ReleaseD3D12|x64.Build.0 = Release|x64
		{71DE9059-7A0D-4FA2-8C4A-E9D031A4A3CC}.ReleaseD3D12|x86.ActiveCfg = Release|x64
		{71DE9059-7A0D-4FA2-8C4A-E9D031A4A3CC}.ReleaseD3D12|x86.Build.0 = Release|x64
		{71DE9059-7A0D-4FA2-8C4A-E9D031A4A3CC}.ReleaseGL|x64.ActiveCfg = Release|x64
		{71DE9059-7A0D-4FA2-8C4A-E9D031A4A3CC}.ReleaseGL|x64.Build.0 = Release|x64
		{71DE9059-7A0D-4FA2-8C4A-E9D031A4A3CC}.ReleaseGL|x86.ActiveCfg = Release|x64
		{71DE9059-7A0D-4FA2-8C4A-E9D031A4A3CC}.ReleaseGL|x86.Build.0 = Release|x64
		{9BCB9E3A-6F8D-429D-9F70-445327075490}.Debug|x64.ActiveCfg = Debug|x64
		{9BCB9E3A-6F8D-429D-9F70-445327075490}.Debug|x64.Build.0 = Debug|x64
		{9BCB9E3A-6F8D-429D-9F70-445327075490}.Debug|x86.ActiveCfg = Debug|x64
		{9BCB9E3A-6F8D-429D-9F70-445327075490}.DebugD3D11|x64.ActiveCfg = Debug|x64
		{9BCB9E3A-6F8D-429D-9F70-445327075490}.DebugD3D11|x64.Build.0 = Debug|x64
		{9BCB9E3A-6F8D-429D-9F70-445327075490}.DebugD3D11|x86.ActiveCfg = Release|x64
		{9BCB9E3A-6F8D-429D-9F70-445327075490}.DebugD3D11|x86.Build.0 = Release|x64
		{9BCB9E3A-6F8D-429D-9F70-445327075490}.DebugD3D12|x64.ActiveCfg = Debug|x64
		{9BCB9E3A-6F8D-429D-9F70-445327075490}.DebugD3D12|x64.Build.0 = Debug|x64
		{9BCB9E3A-6F8D-429D-9F70-445327075490}.DebugD3D12|x86.ActiveCfg = Release|x64
		{9BCB9E3A-6F8D-429D-9F70-445327075490}.DebugD3D12|x86.Build.0 = Release|x64
		{9BCB9E3A-6F8D-429D-9F70-445327075490}.DebugGL|x64.ActiveCfg = Debug|x64
		{9BCB9E3A-6F8D-429D-9F70-445327075490}.DebugGL|x64.Build.0 = Debug|x64
		{9BCB9E3A-6F8D-429D-9F70-445327075490}.DebugGL|x86.ActiveCfg = Release|x64
		{9BCB9E3A-6F8D-429D-9F70-445327075490}.DebugGL|x86.Build.0 = Release|x64
		{9BCB9E3A-6F8D-429D-9F70-445327075490}.Release|x64.ActiveCfg = Release|x64
		{9BCB9E3A-6F8D-429D-9F70-445327075490}.Release|x64.Build.0 = Release|x64
		{9BCB9E3A-6F8D-429D-9F70-445327075490}.Release|x86.ActiveCfg = Release|x64
		{9BCB9E3A-6F8D-429D-9F70-445327075490}.ReleaseD3D11|x64.ActiveCfg = Release|x64
		{9BCB9E3A-6F8D-429D-9F70-445327075490}.ReleaseD3D11|x64.Build.0 = Release|x64
		{9BCB9E3A-6F8D-429D-9F70-445327075490}.ReleaseD3D11|x86.ActiveCfg = Release|x64
		{9BCB9E3A-6F8D-429D-9F70-445327075490}.ReleaseD3D11|x86.Build.0 = Release|x64
		{9BCB9E3A-6F8D-429D-9F70-445327075490}.ReleaseD3D12|x64.ActiveCfg = Release|x64
		{9BCB9E3A-6F8D-429D-9F70-445327075490}.ReleaseD3D12|x64.Build.0 = Release|x64
		{9BCB9E3A-6F8D-429D-9F70-445327075490}.ReleaseD3D12|x86.ActiveCfg = Release|x64
		{9BCB9E3A-6F8D-429D-9F70-445327075490}.ReleaseD3D12|x86.Build.0 = Release|x64
		{9BCB9E3A-6F8D-429D-9F70-445327075490}.ReleaseGL|x64.ActiveCfg = Release|x64
		{9BCB9E3A-6F8D-429D-9F70-445327075490}.ReleaseGL|x64.Build.0 = Release|x64
		{9BCB9E3A-6F8D-429D-9F70-445327075490}.ReleaseGL|x86.ActiveCfg = Release|x64
		{9BCB9E3A-6F8D-429D-9F70-445327075490}.ReleaseGL|x86.Build.0 = Release|x64
	EndGlobalSection
	GlobalSection(SolutionProperties) = preSolution
		HideSolutionNode = FALSE
	EndGlobalSection
	GlobalSection(NestedProjects) = preSolution
		{71DE9059-7A0D-4FA2-8C4A-E9D031A4A3CC} = {766FFA40-0484-4A58-A07E-1AE7B6070B95}
		{9BCB9E3A-6F8D-429D-9F70-445327075490} = {766FFA40-0484-4A58-A07E-1AE7B6070B95}
	EndGlobalSection
EndGlobal
