
Microsoft Visual Studio Solution File, Format Version 12.00
# Visual Studio 14
VisualStudioVersion = 14.0.25420.1
MinimumVisualStudioVersion = 10.0.40219.1
Project("{8BC9CEB8-8B4A-11D0-8D11-00A0C91BC942}") = "FalcorTest", "FalcorTest.vcxproj", "{50BDCD17-C66E-4A3A-AF85-106D4477F571}"
EndProject
Project("{8BC9CEB8-8B4A-11D0-8D11-00A0C91BC942}") = "Falcor", "..\Framework\Source\Falcor.vcxproj", "{3B602F0E-3834-4F73-B97D-7DFC91597A98}"
EndProject
Project("{8BC9CEB8-8B4A-11D0-8D11-00A0C91BC942}") = "BlendStateTest", "BlendStateTest\BlendStateTest.vcxproj", "{71DE9059-7A0D-4FA2-8C4A-E9D031A4A3CC}"
EndProject
Project("{2150E333-8FDC-42A3-9474-1A3956D46DE8}") = "Falcor Tests", "Falcor Tests", "{766FFA40-0484-4A58-A07E-1AE7B6070B95}"
EndProject
Project("{8BC9CEB8-8B4A-11D0-8D11-00A0C91BC942}") = "RasterizerStateTest", "RasterizerStateTest\RasterizerStateTest.vcxproj", "{9BCB9E3A-6F8D-429D-9F70-445327075490}"
EndProject
Project("{8BC9CEB8-8B4A-11D0-8D11-00A0C91BC942}") = "DoesNotCompileTest", "DoesNotCompileTest\DoesNotCompileTest.vcxproj", "{A8A3CD79-B1E3-4CAC-9938-FFDCB2585AD8}"
EndProject
Project("{2150E333-8FDC-42A3-9474-1A3956D46DE8}") = "Testing Framework Tests", "Testing Framework Tests", "{78F68053-30EE-454A-8497-6891D4FF4106}"
EndProject
Project("{8BC9CEB8-8B4A-11D0-8D11-00A0C91BC942}") = "BadXMLTest", "BadXMLTest\BadXMLTest.vcxproj", "{DD68054C-1DB4-48DA-A2EE-6AF14FB78F27}"
EndProject
Project("{8BC9CEB8-8B4A-11D0-8D11-00A0C91BC942}") = "BadTestingLogTest", "BadTestingLogTest\BadTestingLogTest.vcxproj", "{E8A96EB9-E9CB-4750-BA7E-BB50C72450BB}"
EndProject
Project("{8BC9CEB8-8B4A-11D0-8D11-00A0C91BC942}") = "CrashTest", "CrashTest\CrashTest.vcxproj", "{B67AED2C-8085-4EE6-BAEE-50D2846952AE}"
EndProject
Project("{8BC9CEB8-8B4A-11D0-8D11-00A0C91BC942}") = "OgreSystemTest", "OgreSystemTest\OgreSystemTest.vcxproj", "{57E7D34A-60A4-48AB-9F9D-5ECDA9EB1AAA}"
EndProject
Project("{8BC9CEB8-8B4A-11D0-8D11-00A0C91BC942}") = "FailTest", "FailTest\FailTest.vcxproj", "{D9FF073B-CA8D-41BA-8E0E-1C1ADF9284DC}"
EndProject
Project("{8BC9CEB8-8B4A-11D0-8D11-00A0C91BC942}") = "HangTest", "HangTest\HangTest.vcxproj", "{1F51F430-8C58-4034-BFC0-14E42334397A}"
EndProject
Project("{8BC9CEB8-8B4A-11D0-8D11-00A0C91BC942}") = "SceneRendererSystemTest", "SceneRendererSystemTest\SceneRendererSystemTest.vcxproj", "{4DDF97EF-2669-4D7A-A9C8-BB7915AF51F4}"
EndProject
Global
	GlobalSection(SolutionConfigurationPlatforms) = preSolution
		Debug|x64 = Debug|x64
		DebugD3D11|x64 = DebugD3D11|x64
		DebugD3D12|x64 = DebugD3D12|x64
		DebugGL|x64 = DebugGL|x64
		Release|x64 = Release|x64
		ReleaseD3D11|x64 = ReleaseD3D11|x64
		ReleaseD3D12|x64 = ReleaseD3D12|x64
		ReleaseGL|x64 = ReleaseGL|x64
	EndGlobalSection
	GlobalSection(ProjectConfigurationPlatforms) = postSolution
		{50BDCD17-C66E-4A3A-AF85-106D4477F571}.Debug|x64.ActiveCfg = Debug|x64
		{50BDCD17-C66E-4A3A-AF85-106D4477F571}.Debug|x64.Build.0 = Debug|x64
		{50BDCD17-C66E-4A3A-AF85-106D4477F571}.DebugD3D11|x64.ActiveCfg = Debug|x64
		{50BDCD17-C66E-4A3A-AF85-106D4477F571}.DebugD3D11|x64.Build.0 = Debug|x64
		{50BDCD17-C66E-4A3A-AF85-106D4477F571}.DebugD3D12|x64.ActiveCfg = DebugD3D12|x64
		{50BDCD17-C66E-4A3A-AF85-106D4477F571}.DebugD3D12|x64.Build.0 = DebugD3D12|x64
		{50BDCD17-C66E-4A3A-AF85-106D4477F571}.DebugGL|x64.ActiveCfg = Debug|x64
		{50BDCD17-C66E-4A3A-AF85-106D4477F571}.DebugGL|x64.Build.0 = Debug|x64
		{50BDCD17-C66E-4A3A-AF85-106D4477F571}.Release|x64.ActiveCfg = Release|x64
		{50BDCD17-C66E-4A3A-AF85-106D4477F571}.Release|x64.Build.0 = Release|x64
		{50BDCD17-C66E-4A3A-AF85-106D4477F571}.ReleaseD3D11|x64.ActiveCfg = Release|x64
		{50BDCD17-C66E-4A3A-AF85-106D4477F571}.ReleaseD3D11|x64.Build.0 = Release|x64
		{50BDCD17-C66E-4A3A-AF85-106D4477F571}.ReleaseD3D12|x64.ActiveCfg = Release|x64
		{50BDCD17-C66E-4A3A-AF85-106D4477F571}.ReleaseD3D12|x64.Build.0 = Release|x64
		{50BDCD17-C66E-4A3A-AF85-106D4477F571}.ReleaseGL|x64.ActiveCfg = Release|x64
		{50BDCD17-C66E-4A3A-AF85-106D4477F571}.ReleaseGL|x64.Build.0 = Release|x64
		{3B602F0E-3834-4F73-B97D-7DFC91597A98}.Debug|x64.ActiveCfg = DebugGL|x64
		{3B602F0E-3834-4F73-B97D-7DFC91597A98}.Debug|x64.Build.0 = DebugGL|x64
		{3B602F0E-3834-4F73-B97D-7DFC91597A98}.DebugD3D11|x64.ActiveCfg = DebugD3D11|x64
		{3B602F0E-3834-4F73-B97D-7DFC91597A98}.DebugD3D11|x64.Build.0 = DebugD3D11|x64
		{3B602F0E-3834-4F73-B97D-7DFC91597A98}.DebugD3D12|x64.ActiveCfg = DebugD3D12|x64
		{3B602F0E-3834-4F73-B97D-7DFC91597A98}.DebugD3D12|x64.Build.0 = DebugD3D12|x64
		{3B602F0E-3834-4F73-B97D-7DFC91597A98}.DebugGL|x64.ActiveCfg = DebugGL|x64
		{3B602F0E-3834-4F73-B97D-7DFC91597A98}.DebugGL|x64.Build.0 = DebugGL|x64
		{3B602F0E-3834-4F73-B97D-7DFC91597A98}.Release|x64.ActiveCfg = ReleaseGL|x64
		{3B602F0E-3834-4F73-B97D-7DFC91597A98}.Release|x64.Build.0 = ReleaseGL|x64
		{3B602F0E-3834-4F73-B97D-7DFC91597A98}.ReleaseD3D11|x64.ActiveCfg = ReleaseD3D11|x64
		{3B602F0E-3834-4F73-B97D-7DFC91597A98}.ReleaseD3D11|x64.Build.0 = ReleaseD3D11|x64
		{3B602F0E-3834-4F73-B97D-7DFC91597A98}.ReleaseD3D12|x64.ActiveCfg = ReleaseD3D12|x64
		{3B602F0E-3834-4F73-B97D-7DFC91597A98}.ReleaseD3D12|x64.Build.0 = ReleaseD3D12|x64
		{3B602F0E-3834-4F73-B97D-7DFC91597A98}.ReleaseGL|x64.ActiveCfg = ReleaseGL|x64
		{3B602F0E-3834-4F73-B97D-7DFC91597A98}.ReleaseGL|x64.Build.0 = ReleaseGL|x64
		{71DE9059-7A0D-4FA2-8C4A-E9D031A4A3CC}.Debug|x64.ActiveCfg = Debug|x64
		{71DE9059-7A0D-4FA2-8C4A-E9D031A4A3CC}.Debug|x64.Build.0 = Debug|x64
		{71DE9059-7A0D-4FA2-8C4A-E9D031A4A3CC}.DebugD3D11|x64.ActiveCfg = Debug|x64
		{71DE9059-7A0D-4FA2-8C4A-E9D031A4A3CC}.DebugD3D11|x64.Build.0 = Debug|x64
		{71DE9059-7A0D-4FA2-8C4A-E9D031A4A3CC}.DebugD3D12|x64.ActiveCfg = Debug|x64
		{71DE9059-7A0D-4FA2-8C4A-E9D031A4A3CC}.DebugD3D12|x64.Build.0 = Debug|x64
		{71DE9059-7A0D-4FA2-8C4A-E9D031A4A3CC}.DebugGL|x64.ActiveCfg = Debug|x64
		{71DE9059-7A0D-4FA2-8C4A-E9D031A4A3CC}.DebugGL|x64.Build.0 = Debug|x64
		{71DE9059-7A0D-4FA2-8C4A-E9D031A4A3CC}.Release|x64.ActiveCfg = Release|x64
		{71DE9059-7A0D-4FA2-8C4A-E9D031A4A3CC}.Release|x64.Build.0 = Release|x64
		{71DE9059-7A0D-4FA2-8C4A-E9D031A4A3CC}.ReleaseD3D11|x64.ActiveCfg = Release|x64
		{71DE9059-7A0D-4FA2-8C4A-E9D031A4A3CC}.ReleaseD3D11|x64.Build.0 = Release|x64
		{71DE9059-7A0D-4FA2-8C4A-E9D031A4A3CC}.ReleaseD3D12|x64.ActiveCfg = Release|x64
		{71DE9059-7A0D-4FA2-8C4A-E9D031A4A3CC}.ReleaseD3D12|x64.Build.0 = Release|x64
		{71DE9059-7A0D-4FA2-8C4A-E9D031A4A3CC}.ReleaseGL|x64.ActiveCfg = Release|x64
		{71DE9059-7A0D-4FA2-8C4A-E9D031A4A3CC}.ReleaseGL|x64.Build.0 = Release|x64
		{9BCB9E3A-6F8D-429D-9F70-445327075490}.Debug|x64.ActiveCfg = Debug|x64
		{9BCB9E3A-6F8D-429D-9F70-445327075490}.Debug|x64.Build.0 = Debug|x64
		{9BCB9E3A-6F8D-429D-9F70-445327075490}.DebugD3D11|x64.ActiveCfg = Debug|x64
		{9BCB9E3A-6F8D-429D-9F70-445327075490}.DebugD3D11|x64.Build.0 = Debug|x64
		{9BCB9E3A-6F8D-429D-9F70-445327075490}.DebugD3D12|x64.ActiveCfg = Debug|x64
		{9BCB9E3A-6F8D-429D-9F70-445327075490}.DebugD3D12|x64.Build.0 = Debug|x64
		{9BCB9E3A-6F8D-429D-9F70-445327075490}.DebugGL|x64.ActiveCfg = Debug|x64
		{9BCB9E3A-6F8D-429D-9F70-445327075490}.DebugGL|x64.Build.0 = Debug|x64
		{9BCB9E3A-6F8D-429D-9F70-445327075490}.Release|x64.ActiveCfg = Release|x64
		{9BCB9E3A-6F8D-429D-9F70-445327075490}.Release|x64.Build.0 = Release|x64
		{9BCB9E3A-6F8D-429D-9F70-445327075490}.ReleaseD3D11|x64.ActiveCfg = Release|x64
		{9BCB9E3A-6F8D-429D-9F70-445327075490}.ReleaseD3D11|x64.Build.0 = Release|x64
		{9BCB9E3A-6F8D-429D-9F70-445327075490}.ReleaseD3D12|x64.ActiveCfg = Release|x64
		{9BCB9E3A-6F8D-429D-9F70-445327075490}.ReleaseD3D12|x64.Build.0 = Release|x64
		{9BCB9E3A-6F8D-429D-9F70-445327075490}.ReleaseGL|x64.ActiveCfg = Release|x64
		{9BCB9E3A-6F8D-429D-9F70-445327075490}.ReleaseGL|x64.Build.0 = Release|x64
		{A8A3CD79-B1E3-4CAC-9938-FFDCB2585AD8}.Debug|x64.ActiveCfg = Debug|x64
		{A8A3CD79-B1E3-4CAC-9938-FFDCB2585AD8}.Debug|x64.Build.0 = Debug|x64
		{A8A3CD79-B1E3-4CAC-9938-FFDCB2585AD8}.DebugD3D11|x64.ActiveCfg = Debug|x64
		{A8A3CD79-B1E3-4CAC-9938-FFDCB2585AD8}.DebugD3D11|x64.Build.0 = Debug|x64
		{A8A3CD79-B1E3-4CAC-9938-FFDCB2585AD8}.DebugD3D12|x64.ActiveCfg = Debug|x64
		{A8A3CD79-B1E3-4CAC-9938-FFDCB2585AD8}.DebugD3D12|x64.Build.0 = Debug|x64
		{A8A3CD79-B1E3-4CAC-9938-FFDCB2585AD8}.DebugGL|x64.ActiveCfg = Debug|x64
		{A8A3CD79-B1E3-4CAC-9938-FFDCB2585AD8}.DebugGL|x64.Build.0 = Debug|x64
		{A8A3CD79-B1E3-4CAC-9938-FFDCB2585AD8}.Release|x64.ActiveCfg = Release|x64
		{A8A3CD79-B1E3-4CAC-9938-FFDCB2585AD8}.Release|x64.Build.0 = Release|x64
		{A8A3CD79-B1E3-4CAC-9938-FFDCB2585AD8}.ReleaseD3D11|x64.ActiveCfg = Release|x64
		{A8A3CD79-B1E3-4CAC-9938-FFDCB2585AD8}.ReleaseD3D11|x64.Build.0 = Release|x64
		{A8A3CD79-B1E3-4CAC-9938-FFDCB2585AD8}.ReleaseD3D12|x64.ActiveCfg = Release|x64
		{A8A3CD79-B1E3-4CAC-9938-FFDCB2585AD8}.ReleaseD3D12|x64.Build.0 = Release|x64
		{A8A3CD79-B1E3-4CAC-9938-FFDCB2585AD8}.ReleaseGL|x64.ActiveCfg = Release|x64
		{A8A3CD79-B1E3-4CAC-9938-FFDCB2585AD8}.ReleaseGL|x64.Build.0 = Release|x64
		{DD68054C-1DB4-48DA-A2EE-6AF14FB78F27}.Debug|x64.ActiveCfg = Debug|x64
		{DD68054C-1DB4-48DA-A2EE-6AF14FB78F27}.Debug|x64.Build.0 = Debug|x64
		{DD68054C-1DB4-48DA-A2EE-6AF14FB78F27}.DebugD3D11|x64.ActiveCfg = Debug|x64
		{DD68054C-1DB4-48DA-A2EE-6AF14FB78F27}.DebugD3D11|x64.Build.0 = Debug|x64
		{DD68054C-1DB4-48DA-A2EE-6AF14FB78F27}.DebugD3D12|x64.ActiveCfg = Debug|x64
		{DD68054C-1DB4-48DA-A2EE-6AF14FB78F27}.DebugD3D12|x64.Build.0 = Debug|x64
		{DD68054C-1DB4-48DA-A2EE-6AF14FB78F27}.DebugGL|x64.ActiveCfg = Debug|x64
		{DD68054C-1DB4-48DA-A2EE-6AF14FB78F27}.DebugGL|x64.Build.0 = Debug|x64
		{DD68054C-1DB4-48DA-A2EE-6AF14FB78F27}.Release|x64.ActiveCfg = Release|x64
		{DD68054C-1DB4-48DA-A2EE-6AF14FB78F27}.Release|x64.Build.0 = Release|x64
		{DD68054C-1DB4-48DA-A2EE-6AF14FB78F27}.ReleaseD3D11|x64.ActiveCfg = Release|x64
		{DD68054C-1DB4-48DA-A2EE-6AF14FB78F27}.ReleaseD3D11|x64.Build.0 = Release|x64
		{DD68054C-1DB4-48DA-A2EE-6AF14FB78F27}.ReleaseD3D12|x64.ActiveCfg = Release|x64
		{DD68054C-1DB4-48DA-A2EE-6AF14FB78F27}.ReleaseD3D12|x64.Build.0 = Release|x64
		{DD68054C-1DB4-48DA-A2EE-6AF14FB78F27}.ReleaseGL|x64.ActiveCfg = Release|x64
		{DD68054C-1DB4-48DA-A2EE-6AF14FB78F27}.ReleaseGL|x64.Build.0 = Release|x64
		{E8A96EB9-E9CB-4750-BA7E-BB50C72450BB}.Debug|x64.ActiveCfg = Debug|x64
		{E8A96EB9-E9CB-4750-BA7E-BB50C72450BB}.Debug|x64.Build.0 = Debug|x64
		{E8A96EB9-E9CB-4750-BA7E-BB50C72450BB}.DebugD3D11|x64.ActiveCfg = Debug|x64
		{E8A96EB9-E9CB-4750-BA7E-BB50C72450BB}.DebugD3D11|x64.Build.0 = Debug|x64
		{E8A96EB9-E9CB-4750-BA7E-BB50C72450BB}.DebugD3D12|x64.ActiveCfg = Debug|x64
		{E8A96EB9-E9CB-4750-BA7E-BB50C72450BB}.DebugD3D12|x64.Build.0 = Debug|x64
		{E8A96EB9-E9CB-4750-BA7E-BB50C72450BB}.DebugGL|x64.ActiveCfg = Debug|x64
		{E8A96EB9-E9CB-4750-BA7E-BB50C72450BB}.DebugGL|x64.Build.0 = Debug|x64
		{E8A96EB9-E9CB-4750-BA7E-BB50C72450BB}.Release|x64.ActiveCfg = Release|x64
		{E8A96EB9-E9CB-4750-BA7E-BB50C72450BB}.Release|x64.Build.0 = Release|x64
		{E8A96EB9-E9CB-4750-BA7E-BB50C72450BB}.ReleaseD3D11|x64.ActiveCfg = Release|x64
		{E8A96EB9-E9CB-4750-BA7E-BB50C72450BB}.ReleaseD3D11|x64.Build.0 = Release|x64
		{E8A96EB9-E9CB-4750-BA7E-BB50C72450BB}.ReleaseD3D12|x64.ActiveCfg = Release|x64
		{E8A96EB9-E9CB-4750-BA7E-BB50C72450BB}.ReleaseD3D12|x64.Build.0 = Release|x64
		{E8A96EB9-E9CB-4750-BA7E-BB50C72450BB}.ReleaseGL|x64.ActiveCfg = Release|x64
		{E8A96EB9-E9CB-4750-BA7E-BB50C72450BB}.ReleaseGL|x64.Build.0 = Release|x64
		{B67AED2C-8085-4EE6-BAEE-50D2846952AE}.Debug|x64.ActiveCfg = Debug|x64
		{B67AED2C-8085-4EE6-BAEE-50D2846952AE}.Debug|x64.Build.0 = Debug|x64
		{B67AED2C-8085-4EE6-BAEE-50D2846952AE}.DebugD3D11|x64.ActiveCfg = Debug|x64
		{B67AED2C-8085-4EE6-BAEE-50D2846952AE}.DebugD3D11|x64.Build.0 = Debug|x64
		{B67AED2C-8085-4EE6-BAEE-50D2846952AE}.DebugD3D12|x64.ActiveCfg = Debug|x64
		{B67AED2C-8085-4EE6-BAEE-50D2846952AE}.DebugD3D12|x64.Build.0 = Debug|x64
		{B67AED2C-8085-4EE6-BAEE-50D2846952AE}.DebugGL|x64.ActiveCfg = Debug|x64
		{B67AED2C-8085-4EE6-BAEE-50D2846952AE}.DebugGL|x64.Build.0 = Debug|x64
		{B67AED2C-8085-4EE6-BAEE-50D2846952AE}.Release|x64.ActiveCfg = Release|x64
		{B67AED2C-8085-4EE6-BAEE-50D2846952AE}.Release|x64.Build.0 = Release|x64
		{B67AED2C-8085-4EE6-BAEE-50D2846952AE}.ReleaseD3D11|x64.ActiveCfg = Release|x64
		{B67AED2C-8085-4EE6-BAEE-50D2846952AE}.ReleaseD3D11|x64.Build.0 = Release|x64
		{B67AED2C-8085-4EE6-BAEE-50D2846952AE}.ReleaseD3D12|x64.ActiveCfg = Release|x64
		{B67AED2C-8085-4EE6-BAEE-50D2846952AE}.ReleaseD3D12|x64.Build.0 = Release|x64
		{B67AED2C-8085-4EE6-BAEE-50D2846952AE}.ReleaseGL|x64.ActiveCfg = Release|x64
		{B67AED2C-8085-4EE6-BAEE-50D2846952AE}.ReleaseGL|x64.Build.0 = Release|x64
		{57E7D34A-60A4-48AB-9F9D-5ECDA9EB1AAA}.Debug|x64.ActiveCfg = Debug|x64
		{57E7D34A-60A4-48AB-9F9D-5ECDA9EB1AAA}.Debug|x64.Build.0 = Debug|x64
		{57E7D34A-60A4-48AB-9F9D-5ECDA9EB1AAA}.DebugD3D11|x64.ActiveCfg = Debug|x64
		{57E7D34A-60A4-48AB-9F9D-5ECDA9EB1AAA}.DebugD3D11|x64.Build.0 = Debug|x64
		{57E7D34A-60A4-48AB-9F9D-5ECDA9EB1AAA}.DebugD3D12|x64.ActiveCfg = Debug|x64
		{57E7D34A-60A4-48AB-9F9D-5ECDA9EB1AAA}.DebugD3D12|x64.Build.0 = Debug|x64
		{57E7D34A-60A4-48AB-9F9D-5ECDA9EB1AAA}.DebugGL|x64.ActiveCfg = Debug|x64
		{57E7D34A-60A4-48AB-9F9D-5ECDA9EB1AAA}.DebugGL|x64.Build.0 = Debug|x64
		{57E7D34A-60A4-48AB-9F9D-5ECDA9EB1AAA}.Release|x64.ActiveCfg = Release|x64
		{57E7D34A-60A4-48AB-9F9D-5ECDA9EB1AAA}.Release|x64.Build.0 = Release|x64
		{57E7D34A-60A4-48AB-9F9D-5ECDA9EB1AAA}.ReleaseD3D11|x64.ActiveCfg = Release|x64
		{57E7D34A-60A4-48AB-9F9D-5ECDA9EB1AAA}.ReleaseD3D11|x64.Build.0 = Release|x64
		{57E7D34A-60A4-48AB-9F9D-5ECDA9EB1AAA}.ReleaseD3D12|x64.ActiveCfg = Release|x64
		{57E7D34A-60A4-48AB-9F9D-5ECDA9EB1AAA}.ReleaseD3D12|x64.Build.0 = Release|x64
		{57E7D34A-60A4-48AB-9F9D-5ECDA9EB1AAA}.ReleaseGL|x64.ActiveCfg = Release|x64
		{57E7D34A-60A4-48AB-9F9D-5ECDA9EB1AAA}.ReleaseGL|x64.Build.0 = Release|x64
		{D9FF073B-CA8D-41BA-8E0E-1C1ADF9284DC}.Debug|x64.ActiveCfg = Debug|x64
		{D9FF073B-CA8D-41BA-8E0E-1C1ADF9284DC}.Debug|x64.Build.0 = Debug|x64
		{D9FF073B-CA8D-41BA-8E0E-1C1ADF9284DC}.DebugD3D11|x64.ActiveCfg = Debug|x64
		{D9FF073B-CA8D-41BA-8E0E-1C1ADF9284DC}.DebugD3D11|x64.Build.0 = Debug|x64
		{D9FF073B-CA8D-41BA-8E0E-1C1ADF9284DC}.DebugD3D12|x64.ActiveCfg = Debug|x64
		{D9FF073B-CA8D-41BA-8E0E-1C1ADF9284DC}.DebugD3D12|x64.Build.0 = Debug|x64
		{D9FF073B-CA8D-41BA-8E0E-1C1ADF9284DC}.DebugGL|x64.ActiveCfg = Debug|x64
		{D9FF073B-CA8D-41BA-8E0E-1C1ADF9284DC}.DebugGL|x64.Build.0 = Debug|x64
		{D9FF073B-CA8D-41BA-8E0E-1C1ADF9284DC}.Release|x64.ActiveCfg = Release|x64
		{D9FF073B-CA8D-41BA-8E0E-1C1ADF9284DC}.Release|x64.Build.0 = Release|x64
		{D9FF073B-CA8D-41BA-8E0E-1C1ADF9284DC}.ReleaseD3D11|x64.ActiveCfg = Release|x64
		{D9FF073B-CA8D-41BA-8E0E-1C1ADF9284DC}.ReleaseD3D11|x64.Build.0 = Release|x64
		{D9FF073B-CA8D-41BA-8E0E-1C1ADF9284DC}.ReleaseD3D12|x64.ActiveCfg = Release|x64
		{D9FF073B-CA8D-41BA-8E0E-1C1ADF9284DC}.ReleaseD3D12|x64.Build.0 = Release|x64
		{D9FF073B-CA8D-41BA-8E0E-1C1ADF9284DC}.ReleaseGL|x64.ActiveCfg = Release|x64
		{D9FF073B-CA8D-41BA-8E0E-1C1ADF9284DC}.ReleaseGL|x64.Build.0 = Release|x64
		{1F51F430-8C58-4034-BFC0-14E42334397A}.Debug|x64.ActiveCfg = Debug|x64
		{1F51F430-8C58-4034-BFC0-14E42334397A}.Debug|x64.Build.0 = Debug|x64
		{1F51F430-8C58-4034-BFC0-14E42334397A}.DebugD3D11|x64.ActiveCfg = Debug|x64
		{1F51F430-8C58-4034-BFC0-14E42334397A}.DebugD3D11|x64.Build.0 = Debug|x64
		{1F51F430-8C58-4034-BFC0-14E42334397A}.DebugD3D12|x64.ActiveCfg = Debug|x64
		{1F51F430-8C58-4034-BFC0-14E42334397A}.DebugD3D12|x64.Build.0 = Debug|x64
		{1F51F430-8C58-4034-BFC0-14E42334397A}.DebugGL|x64.ActiveCfg = Debug|x64
		{1F51F430-8C58-4034-BFC0-14E42334397A}.DebugGL|x64.Build.0 = Debug|x64
		{1F51F430-8C58-4034-BFC0-14E42334397A}.Release|x64.ActiveCfg = Release|x64
		{1F51F430-8C58-4034-BFC0-14E42334397A}.Release|x64.Build.0 = Release|x64
		{1F51F430-8C58-4034-BFC0-14E42334397A}.ReleaseD3D11|x64.ActiveCfg = Release|x64
		{1F51F430-8C58-4034-BFC0-14E42334397A}.ReleaseD3D11|x64.Build.0 = Release|x64
		{1F51F430-8C58-4034-BFC0-14E42334397A}.ReleaseD3D12|x64.ActiveCfg = Release|x64
		{1F51F430-8C58-4034-BFC0-14E42334397A}.ReleaseD3D12|x64.Build.0 = Release|x64
		{1F51F430-8C58-4034-BFC0-14E42334397A}.ReleaseGL|x64.ActiveCfg = Release|x64
		{1F51F430-8C58-4034-BFC0-14E42334397A}.ReleaseGL|x64.Build.0 = Release|x64
		{4DDF97EF-2669-4D7A-A9C8-BB7915AF51F4}.Debug|x64.ActiveCfg = Debug|x64
		{4DDF97EF-2669-4D7A-A9C8-BB7915AF51F4}.Debug|x64.Build.0 = Debug|x64
		{4DDF97EF-2669-4D7A-A9C8-BB7915AF51F4}.DebugD3D11|x64.ActiveCfg = Debug|x64
		{4DDF97EF-2669-4D7A-A9C8-BB7915AF51F4}.DebugD3D11|x64.Build.0 = Debug|x64
		{4DDF97EF-2669-4D7A-A9C8-BB7915AF51F4}.DebugD3D12|x64.ActiveCfg = Debug|x64
		{4DDF97EF-2669-4D7A-A9C8-BB7915AF51F4}.DebugD3D12|x64.Build.0 = Debug|x64
		{4DDF97EF-2669-4D7A-A9C8-BB7915AF51F4}.DebugGL|x64.ActiveCfg = Debug|x64
		{4DDF97EF-2669-4D7A-A9C8-BB7915AF51F4}.DebugGL|x64.Build.0 = Debug|x64
		{4DDF97EF-2669-4D7A-A9C8-BB7915AF51F4}.Release|x64.ActiveCfg = Release|x64
		{4DDF97EF-2669-4D7A-A9C8-BB7915AF51F4}.Release|x64.Build.0 = Release|x64
		{4DDF97EF-2669-4D7A-A9C8-BB7915AF51F4}.ReleaseD3D11|x64.ActiveCfg = Release|x64
		{4DDF97EF-2669-4D7A-A9C8-BB7915AF51F4}.ReleaseD3D11|x64.Build.0 = Release|x64
		{4DDF97EF-2669-4D7A-A9C8-BB7915AF51F4}.ReleaseD3D12|x64.ActiveCfg = Release|x64
		{4DDF97EF-2669-4D7A-A9C8-BB7915AF51F4}.ReleaseD3D12|x64.Build.0 = Release|x64
		{4DDF97EF-2669-4D7A-A9C8-BB7915AF51F4}.ReleaseGL|x64.ActiveCfg = Release|x64
		{4DDF97EF-2669-4D7A-A9C8-BB7915AF51F4}.ReleaseGL|x64.Build.0 = Release|x64
	EndGlobalSection
	GlobalSection(SolutionProperties) = preSolution
		HideSolutionNode = FALSE
	EndGlobalSection
	GlobalSection(NestedProjects) = preSolution
		{71DE9059-7A0D-4FA2-8C4A-E9D031A4A3CC} = {766FFA40-0484-4A58-A07E-1AE7B6070B95}
		{9BCB9E3A-6F8D-429D-9F70-445327075490} = {766FFA40-0484-4A58-A07E-1AE7B6070B95}
		{A8A3CD79-B1E3-4CAC-9938-FFDCB2585AD8} = {78F68053-30EE-454A-8497-6891D4FF4106}
		{DD68054C-1DB4-48DA-A2EE-6AF14FB78F27} = {78F68053-30EE-454A-8497-6891D4FF4106}
		{E8A96EB9-E9CB-4750-BA7E-BB50C72450BB} = {78F68053-30EE-454A-8497-6891D4FF4106}
		{B67AED2C-8085-4EE6-BAEE-50D2846952AE} = {78F68053-30EE-454A-8497-6891D4FF4106}
		{57E7D34A-60A4-48AB-9F9D-5ECDA9EB1AAA} = {78F68053-30EE-454A-8497-6891D4FF4106}
		{D9FF073B-CA8D-41BA-8E0E-1C1ADF9284DC} = {78F68053-30EE-454A-8497-6891D4FF4106}
		{1F51F430-8C58-4034-BFC0-14E42334397A} = {78F68053-30EE-454A-8497-6891D4FF4106}
		{4DDF97EF-2669-4D7A-A9C8-BB7915AF51F4} = {766FFA40-0484-4A58-A07E-1AE7B6070B95}
	EndGlobalSection
EndGlobal
