<?xml version="1.0" encoding="utf-8"?>
<Project ToolsVersion="4.0" xmlns="http://schemas.microsoft.com/developer/msbuild/2003">
  <ItemGroup>
    <ClCompile Include="MaterialEditorSample.cpp" />
  </ItemGroup>
  <ItemGroup>
    <ClInclude Include="MaterialEditorSample.h" />
  </ItemGroup>
  <ItemGroup>
    <Filter Include="data">
      <UniqueIdentifier>{d1010032-3c6e-4143-a4e6-b2ce80532486}</UniqueIdentifier>
    </Filter>
  </ItemGroup>
  <ItemGroup>
    <None Include="data\MaterialEditor.fs">
      <Filter>data</Filter>
    </None>
  </ItemGroup>
</Project>